// !$*UTF8*$!
{
	archiveVersion = 1;
	classes = {
	};
	objectVersion = 55;
	objects = {

/* Begin PBXBuildFile section */
		FC154F022975D29D001127AC /* KDTree.swift in Sources */ = {isa = PBXBuildFile; fileRef = FC154F012975D29D001127AC /* KDTree.swift */; };
		FC154F042975D304001127AC /* KDTreeTests.swift in Sources */ = {isa = PBXBuildFile; fileRef = FC154F032975D304001127AC /* KDTreeTests.swift */; };
		FC154F06297A9CFC001127AC /* Trie.swift in Sources */ = {isa = PBXBuildFile; fileRef = FC154F05297A9CFC001127AC /* Trie.swift */; };
		FC154F08297A9D21001127AC /* TrieTests.swift in Sources */ = {isa = PBXBuildFile; fileRef = FC154F07297A9D21001127AC /* TrieTests.swift */; };
		FC154F0A297A9D60001127AC /* Vector.swift in Sources */ = {isa = PBXBuildFile; fileRef = FC154F09297A9D60001127AC /* Vector.swift */; };
		FC5C0BE9295A3C7F00759433 /* GaussianKernel.swift in Sources */ = {isa = PBXBuildFile; fileRef = FC5C0BE8295A3C7F00759433 /* GaussianKernel.swift */; };
		FC5C0C03295AE2EB00759433 /* NearestNeighborUpScaleKernel.swift in Sources */ = {isa = PBXBuildFile; fileRef = FC5C0C02295AE2EB00759433 /* NearestNeighborUpScaleKernel.swift */; };
		FC5C0C05295AF9DD00759433 /* Convolution1DKernel.swift in Sources */ = {isa = PBXBuildFile; fileRef = FC5C0C04295AF9DD00759433 /* Convolution1DKernel.swift */; };
		FC5C0C07295B114700759433 /* ConvertSRGBToGrayscaleKernel.swift in Sources */ = {isa = PBXBuildFile; fileRef = FC5C0C06295B114700759433 /* ConvertSRGBToGrayscaleKernel.swift */; };
		FC5C0C09295B161000759433 /* BilinearUpScaleKernel.swift in Sources */ = {isa = PBXBuildFile; fileRef = FC5C0C08295B161000759433 /* BilinearUpScaleKernel.swift */; };
		FC831CD82969B05A00C978BA /* SIFTCPU.swift in Sources */ = {isa = PBXBuildFile; fileRef = FC831CD72969B05A00C978BA /* SIFTCPU.swift */; };
		FC831CDA2969C14A00C978BA /* SIFTOrientationKernel.swift in Sources */ = {isa = PBXBuildFile; fileRef = FC831CD92969C14A00C978BA /* SIFTOrientationKernel.swift */; };
		FC831CDC2969C22500C978BA /* SIFTInterpolate.metal in Sources */ = {isa = PBXBuildFile; fileRef = FC831CDB2969C22500C978BA /* SIFTInterpolate.metal */; };
		FC831CDE2969C24000C978BA /* LucasKanade.metal in Sources */ = {isa = PBXBuildFile; fileRef = FC831CDD2969C24000C978BA /* LucasKanade.metal */; };
		FC831CE12969C29100C978BA /* ConvertSRGBToGrayscale.metal in Sources */ = {isa = PBXBuildFile; fileRef = FC831CE02969C29100C978BA /* ConvertSRGBToGrayscale.metal */; };
		FC831CE32969C2A400C978BA /* Subtract.metal in Sources */ = {isa = PBXBuildFile; fileRef = FC831CE22969C2A400C978BA /* Subtract.metal */; };
		FC831CE52969C2BC00C978BA /* NearestNeighborDownScale.metal in Sources */ = {isa = PBXBuildFile; fileRef = FC831CE42969C2BC00C978BA /* NearestNeighborDownScale.metal */; };
		FC831CE72969C2CD00C978BA /* NearestNeighborUpScale.metal in Sources */ = {isa = PBXBuildFile; fileRef = FC831CE62969C2CD00C978BA /* NearestNeighborUpScale.metal */; };
		FC831CE92969C2DF00C978BA /* BilinearUpScale.metal in Sources */ = {isa = PBXBuildFile; fileRef = FC831CE82969C2DF00C978BA /* BilinearUpScale.metal */; };
		FC831CEB2969C2F700C978BA /* SIFTGradient.metal in Sources */ = {isa = PBXBuildFile; fileRef = FC831CEA2969C2F700C978BA /* SIFTGradient.metal */; };
		FC831CED2969C33300C978BA /* Convolution.metal in Sources */ = {isa = PBXBuildFile; fileRef = FC831CEC2969C33300C978BA /* Convolution.metal */; };
		FC831CEF2969C35200C978BA /* SIFTExtrema.metal in Sources */ = {isa = PBXBuildFile; fileRef = FC831CEE2969C35200C978BA /* SIFTExtrema.metal */; };
		FC831CF12969C55400C978BA /* SIFTOrientation.metal in Sources */ = {isa = PBXBuildFile; fileRef = FC831CF02969C55400C978BA /* SIFTOrientation.metal */; };
		FC831CF7296ACF4C00C978BA /* SIFTDescriptorKernel.swift in Sources */ = {isa = PBXBuildFile; fileRef = FC831CF6296ACF4C00C978BA /* SIFTDescriptorKernel.swift */; };
		FC831CF9296ACF6C00C978BA /* SIFTDescriptor.metal in Sources */ = {isa = PBXBuildFile; fileRef = FC831CF8296ACF6C00C978BA /* SIFTDescriptor.metal */; };
		FC831CFC296B522600C978BA /* GaussianSeriesKernel.swift in Sources */ = {isa = PBXBuildFile; fileRef = FC831CFB296B522500C978BA /* GaussianSeriesKernel.swift */; };
		FC831CFE296B524400C978BA /* ConvolutionSeriesKernel.swift in Sources */ = {isa = PBXBuildFile; fileRef = FC831CFD296B524400C978BA /* ConvolutionSeriesKernel.swift */; };
		FC831D00296B540400C978BA /* ConvolutionSeries.metal in Sources */ = {isa = PBXBuildFile; fileRef = FC831CFF296B540400C978BA /* ConvolutionSeries.metal */; };
		FC831D05296DBAC500C978BA /* SIFTKeypointOrientations.swift in Sources */ = {isa = PBXBuildFile; fileRef = FC831D04296DBAC400C978BA /* SIFTKeypointOrientations.swift */; };
		FC831D07296DE8FB00C978BA /* MetalExtensions.swift in Sources */ = {isa = PBXBuildFile; fileRef = FC831D06296DE8FB00C978BA /* MetalExtensions.swift */; };
		FC831D09296DFA4F00C978BA /* Performance.swift in Sources */ = {isa = PBXBuildFile; fileRef = FC831D08296DFA4F00C978BA /* Performance.swift */; };
		FC831D0B296E022F00C978BA /* SIFTExtremaListKernel.swift in Sources */ = {isa = PBXBuildFile; fileRef = FC831D0A296E022F00C978BA /* SIFTExtremaListKernel.swift */; };
		FC9DF9E4293B637F008E8D79 /* AppDelegate.swift in Sources */ = {isa = PBXBuildFile; fileRef = FC9DF9E3293B637F008E8D79 /* AppDelegate.swift */; };
		FC9DF9E8293B637F008E8D79 /* LucasKanadeViewController.swift in Sources */ = {isa = PBXBuildFile; fileRef = FC9DF9E7293B637F008E8D79 /* LucasKanadeViewController.swift */; };
		FC9DF9ED293B6380008E8D79 /* Assets.xcassets in Resources */ = {isa = PBXBuildFile; fileRef = FC9DF9EC293B6380008E8D79 /* Assets.xcassets */; };
		FC9DF9F0293B6380008E8D79 /* LaunchScreen.storyboard in Resources */ = {isa = PBXBuildFile; fileRef = FC9DF9EE293B6380008E8D79 /* LaunchScreen.storyboard */; };
		FCB0DB44296362490047FC1C /* DoG_butterfly_o004_s002.png in Resources */ = {isa = PBXBuildFile; fileRef = FCB0DB0F296362470047FC1C /* DoG_butterfly_o004_s002.png */; };
		FCB0DB45296362490047FC1C /* scalespace_butterfly_o001_s005.png in Resources */ = {isa = PBXBuildFile; fileRef = FCB0DB10296362470047FC1C /* scalespace_butterfly_o001_s005.png */; };
		FCB0DB46296362490047FC1C /* DoG_butterfly_o002_s001.png in Resources */ = {isa = PBXBuildFile; fileRef = FCB0DB11296362470047FC1C /* DoG_butterfly_o002_s001.png */; };
		FCB0DB47296362490047FC1C /* scalespace_butterfly_o000_s000.png in Resources */ = {isa = PBXBuildFile; fileRef = FCB0DB12296362470047FC1C /* scalespace_butterfly_o000_s000.png */; };
		FCB0DB48296362490047FC1C /* extra_DoGSoftThresh_butterfly.txt in Resources */ = {isa = PBXBuildFile; fileRef = FCB0DB13296362470047FC1C /* extra_DoGSoftThresh_butterfly.txt */; };
		FCB0DB49296362490047FC1C /* DoG_butterfly_o000_s001.png in Resources */ = {isa = PBXBuildFile; fileRef = FCB0DB14296362480047FC1C /* DoG_butterfly_o000_s001.png */; };
		FCB0DB4A296362490047FC1C /* DoG_butterfly_o001_s001.png in Resources */ = {isa = PBXBuildFile; fileRef = FCB0DB15296362480047FC1C /* DoG_butterfly_o001_s001.png */; };
		FCB0DB4B296362490047FC1C /* DoG_butterfly_o000_s003.png in Resources */ = {isa = PBXBuildFile; fileRef = FCB0DB16296362480047FC1C /* DoG_butterfly_o000_s003.png */; };
		FCB0DB4C296362490047FC1C /* DoG_butterfly_o002_s002.png in Resources */ = {isa = PBXBuildFile; fileRef = FCB0DB17296362480047FC1C /* DoG_butterfly_o002_s002.png */; };
		FCB0DB4D296362490047FC1C /* scalespace_butterfly_o001_s002.png in Resources */ = {isa = PBXBuildFile; fileRef = FCB0DB18296362480047FC1C /* scalespace_butterfly_o001_s002.png */; };
		FCB0DB4E296362490047FC1C /* scalespace_butterfly_o003_s002.png in Resources */ = {isa = PBXBuildFile; fileRef = FCB0DB19296362480047FC1C /* scalespace_butterfly_o003_s002.png */; };
		FCB0DB4F296362490047FC1C /* scalespace_butterfly_o000_s003.png in Resources */ = {isa = PBXBuildFile; fileRef = FCB0DB1A296362480047FC1C /* scalespace_butterfly_o000_s003.png */; };
		FCB0DB50296362490047FC1C /* scalespace_butterfly_o003_s000.png in Resources */ = {isa = PBXBuildFile; fileRef = FCB0DB1B296362480047FC1C /* scalespace_butterfly_o003_s000.png */; };
		FCB0DB51296362490047FC1C /* DoG_butterfly_o001_s002.png in Resources */ = {isa = PBXBuildFile; fileRef = FCB0DB1C296362480047FC1C /* DoG_butterfly_o001_s002.png */; };
		FCB0DB52296362490047FC1C /* scalespace_butterfly_o000_s004.png in Resources */ = {isa = PBXBuildFile; fileRef = FCB0DB1D296362480047FC1C /* scalespace_butterfly_o000_s004.png */; };
		FCB0DB53296362490047FC1C /* scalespace_butterfly_o002_s002.png in Resources */ = {isa = PBXBuildFile; fileRef = FCB0DB1E296362480047FC1C /* scalespace_butterfly_o002_s002.png */; };
		FCB0DB54296362490047FC1C /* scalespace_butterfly_o004_s002.png in Resources */ = {isa = PBXBuildFile; fileRef = FCB0DB1F296362480047FC1C /* scalespace_butterfly_o004_s002.png */; };
		FCB0DB55296362490047FC1C /* DoG_butterfly_o004_s001.png in Resources */ = {isa = PBXBuildFile; fileRef = FCB0DB20296362480047FC1C /* DoG_butterfly_o004_s001.png */; };
		FCB0DB56296362490047FC1C /* DoG_butterfly_o002_s003.png in Resources */ = {isa = PBXBuildFile; fileRef = FCB0DB21296362480047FC1C /* DoG_butterfly_o002_s003.png */; };
		FCB0DB57296362490047FC1C /* scalespace_butterfly_o002_s003.png in Resources */ = {isa = PBXBuildFile; fileRef = FCB0DB22296362480047FC1C /* scalespace_butterfly_o002_s003.png */; };
		FCB0DB58296362490047FC1C /* extra_FarFromBorder_butterfly.txt in Resources */ = {isa = PBXBuildFile; fileRef = FCB0DB23296362480047FC1C /* extra_FarFromBorder_butterfly.txt */; };
		FCB0DB59296362490047FC1C /* DoG_butterfly_o000_s002.png in Resources */ = {isa = PBXBuildFile; fileRef = FCB0DB24296362480047FC1C /* DoG_butterfly_o000_s002.png */; };
		FCB0DB5A296362490047FC1C /* extra_ExtrInterp_butterfly.txt in Resources */ = {isa = PBXBuildFile; fileRef = FCB0DB25296362480047FC1C /* extra_ExtrInterp_butterfly.txt */; };
		FCB0DB5B296362490047FC1C /* scalespace_butterfly_o001_s001.png in Resources */ = {isa = PBXBuildFile; fileRef = FCB0DB26296362480047FC1C /* scalespace_butterfly_o001_s001.png */; };
		FCB0DB5C296362490047FC1C /* DoG_butterfly_o003_s003.png in Resources */ = {isa = PBXBuildFile; fileRef = FCB0DB27296362480047FC1C /* DoG_butterfly_o003_s003.png */; };
		FCB0DB5D296362490047FC1C /* extra_OnEdgeResp_butterfly.txt in Resources */ = {isa = PBXBuildFile; fileRef = FCB0DB28296362480047FC1C /* extra_OnEdgeResp_butterfly.txt */; };
		FCB0DB5E296362490047FC1C /* scalespace_butterfly_o002_s001.png in Resources */ = {isa = PBXBuildFile; fileRef = FCB0DB29296362480047FC1C /* scalespace_butterfly_o002_s001.png */; };
		FCB0DB5F296362490047FC1C /* scalespace_butterfly_o002_s005.png in Resources */ = {isa = PBXBuildFile; fileRef = FCB0DB2A296362480047FC1C /* scalespace_butterfly_o002_s005.png */; };
		FCB0DB60296362490047FC1C /* DoG_butterfly_o003_s002.png in Resources */ = {isa = PBXBuildFile; fileRef = FCB0DB2B296362480047FC1C /* DoG_butterfly_o003_s002.png */; };
		FCB0DB61296362490047FC1C /* scalespace_butterfly_o001_s000.png in Resources */ = {isa = PBXBuildFile; fileRef = FCB0DB2C296362480047FC1C /* scalespace_butterfly_o001_s000.png */; };
		FCB0DB62296362490047FC1C /* scalespace_butterfly_o003_s003.png in Resources */ = {isa = PBXBuildFile; fileRef = FCB0DB2D296362480047FC1C /* scalespace_butterfly_o003_s003.png */; };
		FCB0DB63296362490047FC1C /* scalespace_butterfly_o004_s005.png in Resources */ = {isa = PBXBuildFile; fileRef = FCB0DB2E296362480047FC1C /* scalespace_butterfly_o004_s005.png */; };
		FCB0DB64296362490047FC1C /* scalespace_butterfly_o004_s004.png in Resources */ = {isa = PBXBuildFile; fileRef = FCB0DB2F296362480047FC1C /* scalespace_butterfly_o004_s004.png */; };
		FCB0DB65296362490047FC1C /* scalespace_butterfly_o003_s001.png in Resources */ = {isa = PBXBuildFile; fileRef = FCB0DB30296362480047FC1C /* scalespace_butterfly_o003_s001.png */; };
		FCB0DB66296362490047FC1C /* extra_NES_butterfly.txt in Resources */ = {isa = PBXBuildFile; fileRef = FCB0DB31296362480047FC1C /* extra_NES_butterfly.txt */; };
		FCB0DB67296362490047FC1C /* butterfly.png in Resources */ = {isa = PBXBuildFile; fileRef = FCB0DB32296362480047FC1C /* butterfly.png */; };
		FCB0DB68296362490047FC1C /* scalespace_butterfly_o002_s004.png in Resources */ = {isa = PBXBuildFile; fileRef = FCB0DB33296362490047FC1C /* scalespace_butterfly_o002_s004.png */; };
		FCB0DB69296362490047FC1C /* scalespace_butterfly_o003_s004.png in Resources */ = {isa = PBXBuildFile; fileRef = FCB0DB34296362490047FC1C /* scalespace_butterfly_o003_s004.png */; };
		FCB0DB6A296362490047FC1C /* scalespace_butterfly_o001_s004.png in Resources */ = {isa = PBXBuildFile; fileRef = FCB0DB35296362490047FC1C /* scalespace_butterfly_o001_s004.png */; };
		FCB0DB6B296362490047FC1C /* DoG_butterfly_o003_s001.png in Resources */ = {isa = PBXBuildFile; fileRef = FCB0DB36296362490047FC1C /* DoG_butterfly_o003_s001.png */; };
		FCB0DB6C296362490047FC1C /* scalespace_butterfly_o003_s005.png in Resources */ = {isa = PBXBuildFile; fileRef = FCB0DB37296362490047FC1C /* scalespace_butterfly_o003_s005.png */; };
		FCB0DB6D296362490047FC1C /* scalespace_butterfly_o004_s003.png in Resources */ = {isa = PBXBuildFile; fileRef = FCB0DB38296362490047FC1C /* scalespace_butterfly_o004_s003.png */; };
		FCB0DB6E296362490047FC1C /* DoG_butterfly_o001_s003.png in Resources */ = {isa = PBXBuildFile; fileRef = FCB0DB39296362490047FC1C /* DoG_butterfly_o001_s003.png */; };
		FCB0DB6F296362490047FC1C /* scalespace_butterfly_o000_s001.png in Resources */ = {isa = PBXBuildFile; fileRef = FCB0DB3A296362490047FC1C /* scalespace_butterfly_o000_s001.png */; };
		FCB0DB70296362490047FC1C /* scalespace_butterfly_o000_s005.png in Resources */ = {isa = PBXBuildFile; fileRef = FCB0DB3B296362490047FC1C /* scalespace_butterfly_o000_s005.png */; };
		FCB0DB71296362490047FC1C /* scalespace_butterfly_o004_s000.png in Resources */ = {isa = PBXBuildFile; fileRef = FCB0DB3C296362490047FC1C /* scalespace_butterfly_o004_s000.png */; };
		FCB0DB72296362490047FC1C /* DoG_butterfly_o004_s003.png in Resources */ = {isa = PBXBuildFile; fileRef = FCB0DB3D296362490047FC1C /* DoG_butterfly_o004_s003.png */; };
		FCB0DB73296362490047FC1C /* scalespace_butterfly_o000_s002.png in Resources */ = {isa = PBXBuildFile; fileRef = FCB0DB3E296362490047FC1C /* scalespace_butterfly_o000_s002.png */; };
		FCB0DB74296362490047FC1C /* scalespace_butterfly_o002_s000.png in Resources */ = {isa = PBXBuildFile; fileRef = FCB0DB3F296362490047FC1C /* scalespace_butterfly_o002_s000.png */; };
		FCB0DB75296362490047FC1C /* butterfly-descriptors.txt in Resources */ = {isa = PBXBuildFile; fileRef = FCB0DB40296362490047FC1C /* butterfly-descriptors.txt */; };
		FCB0DB76296362490047FC1C /* scalespace_butterfly_o004_s001.png in Resources */ = {isa = PBXBuildFile; fileRef = FCB0DB41296362490047FC1C /* scalespace_butterfly_o004_s001.png */; };
		FCB0DB77296362490047FC1C /* extra_DoGThresh_butterfly.txt in Resources */ = {isa = PBXBuildFile; fileRef = FCB0DB42296362490047FC1C /* extra_DoGThresh_butterfly.txt */; };
		FCB0DB78296362490047FC1C /* scalespace_butterfly_o001_s003.png in Resources */ = {isa = PBXBuildFile; fileRef = FCB0DB43296362490047FC1C /* scalespace_butterfly_o001_s003.png */; };
		FCB0DB7A296365110047FC1C /* SIFTDescriptor.swift in Sources */ = {isa = PBXBuildFile; fileRef = FCB0DB79296365110047FC1C /* SIFTDescriptor.swift */; };
		FCB0DB7C296365220047FC1C /* SIFTCorrespondence.swift in Sources */ = {isa = PBXBuildFile; fileRef = FCB0DB7B296365220047FC1C /* SIFTCorrespondence.swift */; };
		FCB0DB7E296365330047FC1C /* SIFTKeypoint.swift in Sources */ = {isa = PBXBuildFile; fileRef = FCB0DB7D296365330047FC1C /* SIFTKeypoint.swift */; };
		FCB0DB80296377F20047FC1C /* SIFTInterpolateKernel.swift in Sources */ = {isa = PBXBuildFile; fileRef = FCB0DB7F296377F20047FC1C /* SIFTInterpolateKernel.swift */; };
		FCB0DB822964BFA80047FC1C /* SIFTGradientKernel.swift in Sources */ = {isa = PBXBuildFile; fileRef = FCB0DB812964BFA80047FC1C /* SIFTGradientKernel.swift */; };
		FCB0DB842964CB320047FC1C /* SIFTOctave.swift in Sources */ = {isa = PBXBuildFile; fileRef = FCB0DB832964CB320047FC1C /* SIFTOctave.swift */; };
		FCB0DB852964DD150047FC1C /* butterfly.png in Resources */ = {isa = PBXBuildFile; fileRef = FCB0DB32296362480047FC1C /* butterfly.png */; };
		FCB0DB872968B6850047FC1C /* Buffer.swift in Sources */ = {isa = PBXBuildFile; fileRef = FCB0DB862968B6850047FC1C /* Buffer.swift */; };
		FCB2DBD2296194FD00F19CEB /* DescriptorTests.swift in Sources */ = {isa = PBXBuildFile; fileRef = FCB2DBD1296194FD00F19CEB /* DescriptorTests.swift */; };
		FCD244742962E0ED00459437 /* SIFTPatch.swift in Sources */ = {isa = PBXBuildFile; fileRef = FCD244732962E0ED00459437 /* SIFTPatch.swift */; };
		FCD28C902959DFCA0018A2AA /* SubtractKernel.swift in Sources */ = {isa = PBXBuildFile; fileRef = FCD28C8F2959DFCA0018A2AA /* SubtractKernel.swift */; };
		FCD28C922959E50B0018A2AA /* GaussianDifferenceTests.swift in Sources */ = {isa = PBXBuildFile; fileRef = FCD28C912959E50B0018A2AA /* GaussianDifferenceTests.swift */; };
		FCD28C942959EB8B0018A2AA /* cubehelix.png in Resources */ = {isa = PBXBuildFile; fileRef = FCD28C932959EB8B0018A2AA /* cubehelix.png */; };
		FCD28C972959EBFE0018A2AA /* magma.png in Resources */ = {isa = PBXBuildFile; fileRef = FCD28C952959EBFD0018A2AA /* magma.png */; };
		FCD28C982959EBFE0018A2AA /* inferno.png in Resources */ = {isa = PBXBuildFile; fileRef = FCD28C962959EBFD0018A2AA /* inferno.png */; };
		FCE9367A2944E86E00E2D486 /* Shaders.metal in Sources */ = {isa = PBXBuildFile; fileRef = FCE936792944E86E00E2D486 /* Shaders.metal */; };
		FCEBCDAF294E7C32002BB8EF /* VideoFileReader.swift in Sources */ = {isa = PBXBuildFile; fileRef = FCEBCDAE294E7C32002BB8EF /* VideoFileReader.swift */; };
		FCEBCDB1294E7CC4002BB8EF /* CoreVideoMetalCache.swift in Sources */ = {isa = PBXBuildFile; fileRef = FCEBCDB0294E7CC4002BB8EF /* CoreVideoMetalCache.swift */; };
		FCEBCDB3294E7D96002BB8EF /* Math.swift in Sources */ = {isa = PBXBuildFile; fileRef = FCEBCDB2294E7D96002BB8EF /* Math.swift */; };
		FCEBCDB5294E7E39002BB8EF /* ImageConversion.swift in Sources */ = {isa = PBXBuildFile; fileRef = FCEBCDB4294E7E39002BB8EF /* ImageConversion.swift */; };
		FCEBCDB7294E831D002BB8EF /* Shared.swift in Sources */ = {isa = PBXBuildFile; fileRef = FCEBCDB6294E831D002BB8EF /* Shared.swift */; };
		FCEBCDB9294E85BE002BB8EF /* SIFTViewController.swift in Sources */ = {isa = PBXBuildFile; fileRef = FCEBCDB8294E85BE002BB8EF /* SIFTViewController.swift */; };
		FCEBCDBB294E8669002BB8EF /* SIFT.swift in Sources */ = {isa = PBXBuildFile; fileRef = FCEBCDBA294E8669002BB8EF /* SIFT.swift */; };
		FCEBCDC729510974002BB8EF /* Image.swift in Sources */ = {isa = PBXBuildFile; fileRef = FCEBCDC629510974002BB8EF /* Image.swift */; };
		FCEBCDC9295247C2002BB8EF /* SIFTExtremaKernel.swift in Sources */ = {isa = PBXBuildFile; fileRef = FCEBCDC8295247C2002BB8EF /* SIFTExtremaKernel.swift */; };
		FCEBCDCF295248AA002BB8EF /* DifferenceOfGaussians.swift in Sources */ = {isa = PBXBuildFile; fileRef = FCEBCDCE295248AA002BB8EF /* DifferenceOfGaussians.swift */; };
		FCEBCDE129572E9F002BB8EF /* DifferenceOfGaussiansTests.swift in Sources */ = {isa = PBXBuildFile; fileRef = FCEBCDE029572E9F002BB8EF /* DifferenceOfGaussiansTests.swift */; };
		FCEBCDED2957B332002BB8EF /* NearestNeighborDownScaleKernel.swift in Sources */ = {isa = PBXBuildFile; fileRef = FCEBCDEC2957B332002BB8EF /* NearestNeighborDownScaleKernel.swift */; };
		FCEBCDF12957BAA7002BB8EF /* viridis.png in Resources */ = {isa = PBXBuildFile; fileRef = FCEBCDEE2957BAA6002BB8EF /* viridis.png */; };
		FCEBCDF22957BAA7002BB8EF /* warm.png in Resources */ = {isa = PBXBuildFile; fileRef = FCEBCDEF2957BAA6002BB8EF /* warm.png */; };
		FCEBCDF32957BAA7002BB8EF /* turbo.png in Resources */ = {isa = PBXBuildFile; fileRef = FCEBCDF02957BAA7002BB8EF /* turbo.png */; };
		FCEBCDF42957BAAC002BB8EF /* warm.png in Resources */ = {isa = PBXBuildFile; fileRef = FCEBCDEF2957BAA6002BB8EF /* warm.png */; };
		FCEBCDF52957BAAC002BB8EF /* turbo.png in Resources */ = {isa = PBXBuildFile; fileRef = FCEBCDF02957BAA7002BB8EF /* turbo.png */; };
		FCEBCDF62957BAAC002BB8EF /* viridis.png in Resources */ = {isa = PBXBuildFile; fileRef = FCEBCDEE2957BAA6002BB8EF /* viridis.png */; };
		FCEBCDF829598663002BB8EF /* KeypointTests.swift in Sources */ = {isa = PBXBuildFile; fileRef = FCEBCDF729598663002BB8EF /* KeypointTests.swift */; };
		FCEBCDFA295986BC002BB8EF /* SharedTestCase.swift in Sources */ = {isa = PBXBuildFile; fileRef = FCEBCDF9295986BC002BB8EF /* SharedTestCase.swift */; };
		FCEE19FB294DB77C00FEC893 /* test-05-480p.mov in Resources */ = {isa = PBXBuildFile; fileRef = FCEE19F8294DB77B00FEC893 /* test-05-480p.mov */; };
		FCEE19FD294DB8AE00FEC893 /* LucasKanade.swift in Sources */ = {isa = PBXBuildFile; fileRef = FCEE19FC294DB8AE00FEC893 /* LucasKanade.swift */; };
		FCEE19FF294DB8E600FEC893 /* Quad.swift in Sources */ = {isa = PBXBuildFile; fileRef = FCEE19FE294DB8E600FEC893 /* Quad.swift */; };
		FCEE1A01294DB8F700FEC893 /* CoreGraphicsExtensions.swift in Sources */ = {isa = PBXBuildFile; fileRef = FCEE1A00294DB8F700FEC893 /* CoreGraphicsExtensions.swift */; };
		FCEE1A03294DB90B00FEC893 /* CoreImageExtensions.swift in Sources */ = {isa = PBXBuildFile; fileRef = FCEE1A02294DB90B00FEC893 /* CoreImageExtensions.swift */; };
/* End PBXBuildFile section */

/* Begin PBXContainerItemProxy section */
		FCEBCDDA29572E6B002BB8EF /* PBXContainerItemProxy */ = {
			isa = PBXContainerItemProxy;
			containerPortal = FC9DF9D8293B637F008E8D79 /* Project object */;
			proxyType = 1;
			remoteGlobalIDString = FC9DF9DF293B637F008E8D79;
			remoteInfo = SkySight;
		};
/* End PBXContainerItemProxy section */

/* Begin PBXFileReference section */
		FC154F012975D29D001127AC /* KDTree.swift */ = {isa = PBXFileReference; lastKnownFileType = sourcecode.swift; path = KDTree.swift; sourceTree = "<group>"; };
		FC154F032975D304001127AC /* KDTreeTests.swift */ = {isa = PBXFileReference; lastKnownFileType = sourcecode.swift; path = KDTreeTests.swift; sourceTree = "<group>"; };
		FC154F05297A9CFC001127AC /* Trie.swift */ = {isa = PBXFileReference; lastKnownFileType = sourcecode.swift; path = Trie.swift; sourceTree = "<group>"; };
		FC154F07297A9D21001127AC /* TrieTests.swift */ = {isa = PBXFileReference; lastKnownFileType = sourcecode.swift; path = TrieTests.swift; sourceTree = "<group>"; };
		FC154F09297A9D60001127AC /* Vector.swift */ = {isa = PBXFileReference; lastKnownFileType = sourcecode.swift; path = Vector.swift; sourceTree = "<group>"; };
		FC5C0BE8295A3C7F00759433 /* GaussianKernel.swift */ = {isa = PBXFileReference; fileEncoding = 4; lastKnownFileType = sourcecode.swift; path = GaussianKernel.swift; sourceTree = "<group>"; };
		FC5C0C02295AE2EB00759433 /* NearestNeighborUpScaleKernel.swift */ = {isa = PBXFileReference; fileEncoding = 4; lastKnownFileType = sourcecode.swift; path = NearestNeighborUpScaleKernel.swift; sourceTree = "<group>"; };
		FC5C0C04295AF9DD00759433 /* Convolution1DKernel.swift */ = {isa = PBXFileReference; fileEncoding = 4; lastKnownFileType = sourcecode.swift; path = Convolution1DKernel.swift; sourceTree = "<group>"; };
		FC5C0C06295B114700759433 /* ConvertSRGBToGrayscaleKernel.swift */ = {isa = PBXFileReference; fileEncoding = 4; lastKnownFileType = sourcecode.swift; path = ConvertSRGBToGrayscaleKernel.swift; sourceTree = "<group>"; };
		FC5C0C08295B161000759433 /* BilinearUpScaleKernel.swift */ = {isa = PBXFileReference; fileEncoding = 4; lastKnownFileType = sourcecode.swift; path = BilinearUpScaleKernel.swift; sourceTree = "<group>"; };
		FC831CD72969B05A00C978BA /* SIFTCPU.swift */ = {isa = PBXFileReference; fileEncoding = 4; lastKnownFileType = sourcecode.swift; path = SIFTCPU.swift; sourceTree = "<group>"; };
		FC831CD92969C14A00C978BA /* SIFTOrientationKernel.swift */ = {isa = PBXFileReference; fileEncoding = 4; lastKnownFileType = sourcecode.swift; path = SIFTOrientationKernel.swift; sourceTree = "<group>"; };
		FC831CDB2969C22500C978BA /* SIFTInterpolate.metal */ = {isa = PBXFileReference; lastKnownFileType = sourcecode.metal; path = SIFTInterpolate.metal; sourceTree = "<group>"; };
		FC831CDD2969C24000C978BA /* LucasKanade.metal */ = {isa = PBXFileReference; lastKnownFileType = sourcecode.metal; path = LucasKanade.metal; sourceTree = "<group>"; };
		FC831CDF2969C26B00C978BA /* Common.h */ = {isa = PBXFileReference; lastKnownFileType = sourcecode.c.h; path = Common.h; sourceTree = "<group>"; };
		FC831CE02969C29100C978BA /* ConvertSRGBToGrayscale.metal */ = {isa = PBXFileReference; lastKnownFileType = sourcecode.metal; path = ConvertSRGBToGrayscale.metal; sourceTree = "<group>"; };
		FC831CE22969C2A400C978BA /* Subtract.metal */ = {isa = PBXFileReference; lastKnownFileType = sourcecode.metal; path = Subtract.metal; sourceTree = "<group>"; };
		FC831CE42969C2BC00C978BA /* NearestNeighborDownScale.metal */ = {isa = PBXFileReference; lastKnownFileType = sourcecode.metal; path = NearestNeighborDownScale.metal; sourceTree = "<group>"; };
		FC831CE62969C2CD00C978BA /* NearestNeighborUpScale.metal */ = {isa = PBXFileReference; lastKnownFileType = sourcecode.metal; path = NearestNeighborUpScale.metal; sourceTree = "<group>"; };
		FC831CE82969C2DF00C978BA /* BilinearUpScale.metal */ = {isa = PBXFileReference; lastKnownFileType = sourcecode.metal; path = BilinearUpScale.metal; sourceTree = "<group>"; };
		FC831CEA2969C2F700C978BA /* SIFTGradient.metal */ = {isa = PBXFileReference; lastKnownFileType = sourcecode.metal; path = SIFTGradient.metal; sourceTree = "<group>"; };
		FC831CEC2969C33300C978BA /* Convolution.metal */ = {isa = PBXFileReference; lastKnownFileType = sourcecode.metal; path = Convolution.metal; sourceTree = "<group>"; };
		FC831CEE2969C35200C978BA /* SIFTExtrema.metal */ = {isa = PBXFileReference; lastKnownFileType = sourcecode.metal; path = SIFTExtrema.metal; sourceTree = "<group>"; };
		FC831CF02969C55400C978BA /* SIFTOrientation.metal */ = {isa = PBXFileReference; lastKnownFileType = sourcecode.metal; path = SIFTOrientation.metal; sourceTree = "<group>"; };
		FC831CF2296ABFD200C978BA /* SIFTOrientation.h */ = {isa = PBXFileReference; lastKnownFileType = sourcecode.c.h; path = SIFTOrientation.h; sourceTree = "<group>"; };
		FC831CF3296AC0AB00C978BA /* SkyLight-Bridging-Header.h */ = {isa = PBXFileReference; lastKnownFileType = sourcecode.c.h; path = "SkyLight-Bridging-Header.h"; sourceTree = "<group>"; };
		FC831CF6296ACF4C00C978BA /* SIFTDescriptorKernel.swift */ = {isa = PBXFileReference; fileEncoding = 4; lastKnownFileType = sourcecode.swift; path = SIFTDescriptorKernel.swift; sourceTree = "<group>"; };
		FC831CF8296ACF6C00C978BA /* SIFTDescriptor.metal */ = {isa = PBXFileReference; lastKnownFileType = sourcecode.metal; path = SIFTDescriptor.metal; sourceTree = "<group>"; };
		FC831CFA296ACF8200C978BA /* SIFTDescriptor.h */ = {isa = PBXFileReference; lastKnownFileType = sourcecode.c.h; path = SIFTDescriptor.h; sourceTree = "<group>"; };
		FC831CFB296B522500C978BA /* GaussianSeriesKernel.swift */ = {isa = PBXFileReference; fileEncoding = 4; lastKnownFileType = sourcecode.swift; path = GaussianSeriesKernel.swift; sourceTree = "<group>"; };
		FC831CFD296B524400C978BA /* ConvolutionSeriesKernel.swift */ = {isa = PBXFileReference; fileEncoding = 4; lastKnownFileType = sourcecode.swift; path = ConvolutionSeriesKernel.swift; sourceTree = "<group>"; };
		FC831CFF296B540400C978BA /* ConvolutionSeries.metal */ = {isa = PBXFileReference; fileEncoding = 4; lastKnownFileType = sourcecode.metal; path = ConvolutionSeries.metal; sourceTree = "<group>"; };
		FC831D01296B541F00C978BA /* ConvolutionSeries.h */ = {isa = PBXFileReference; lastKnownFileType = sourcecode.c.h; path = ConvolutionSeries.h; sourceTree = "<group>"; };
		FC831D02296B5D9200C978BA /* NearestNeighbor.h */ = {isa = PBXFileReference; lastKnownFileType = sourcecode.c.h; path = NearestNeighbor.h; sourceTree = "<group>"; };
		FC831D03296C70D600C978BA /* SIFTInterpolate.h */ = {isa = PBXFileReference; lastKnownFileType = sourcecode.c.h; path = SIFTInterpolate.h; sourceTree = "<group>"; };
		FC831D04296DBAC400C978BA /* SIFTKeypointOrientations.swift */ = {isa = PBXFileReference; lastKnownFileType = sourcecode.swift; path = SIFTKeypointOrientations.swift; sourceTree = "<group>"; };
		FC831D06296DE8FB00C978BA /* MetalExtensions.swift */ = {isa = PBXFileReference; lastKnownFileType = sourcecode.swift; path = MetalExtensions.swift; sourceTree = "<group>"; };
		FC831D08296DFA4F00C978BA /* Performance.swift */ = {isa = PBXFileReference; lastKnownFileType = sourcecode.swift; path = Performance.swift; sourceTree = "<group>"; };
		FC831D0A296E022F00C978BA /* SIFTExtremaListKernel.swift */ = {isa = PBXFileReference; fileEncoding = 4; lastKnownFileType = sourcecode.swift; path = SIFTExtremaListKernel.swift; sourceTree = "<group>"; };
		FC831D0C296E044700C978BA /* SIFTExtrema.h */ = {isa = PBXFileReference; lastKnownFileType = sourcecode.c.h; path = SIFTExtrema.h; sourceTree = "<group>"; };
		FC9DF9E0293B637F008E8D79 /* SkyLight.app */ = {isa = PBXFileReference; explicitFileType = wrapper.application; includeInIndex = 0; path = SkyLight.app; sourceTree = BUILT_PRODUCTS_DIR; };
		FC9DF9E3293B637F008E8D79 /* AppDelegate.swift */ = {isa = PBXFileReference; lastKnownFileType = sourcecode.swift; path = AppDelegate.swift; sourceTree = "<group>"; };
		FC9DF9E7293B637F008E8D79 /* LucasKanadeViewController.swift */ = {isa = PBXFileReference; lastKnownFileType = sourcecode.swift; path = LucasKanadeViewController.swift; sourceTree = "<group>"; };
		FC9DF9EC293B6380008E8D79 /* Assets.xcassets */ = {isa = PBXFileReference; lastKnownFileType = folder.assetcatalog; path = Assets.xcassets; sourceTree = "<group>"; };
		FC9DF9EF293B6380008E8D79 /* Base */ = {isa = PBXFileReference; lastKnownFileType = file.storyboard; name = Base; path = Base.lproj/LaunchScreen.storyboard; sourceTree = "<group>"; };
		FC9DF9F1293B6380008E8D79 /* Info.plist */ = {isa = PBXFileReference; lastKnownFileType = text.plist.xml; path = Info.plist; sourceTree = "<group>"; };
		FCB0DB0F296362470047FC1C /* DoG_butterfly_o004_s002.png */ = {isa = PBXFileReference; lastKnownFileType = image.png; path = DoG_butterfly_o004_s002.png; sourceTree = "<group>"; };
		FCB0DB10296362470047FC1C /* scalespace_butterfly_o001_s005.png */ = {isa = PBXFileReference; lastKnownFileType = image.png; path = scalespace_butterfly_o001_s005.png; sourceTree = "<group>"; };
		FCB0DB11296362470047FC1C /* DoG_butterfly_o002_s001.png */ = {isa = PBXFileReference; lastKnownFileType = image.png; path = DoG_butterfly_o002_s001.png; sourceTree = "<group>"; };
		FCB0DB12296362470047FC1C /* scalespace_butterfly_o000_s000.png */ = {isa = PBXFileReference; lastKnownFileType = image.png; path = scalespace_butterfly_o000_s000.png; sourceTree = "<group>"; };
		FCB0DB13296362470047FC1C /* extra_DoGSoftThresh_butterfly.txt */ = {isa = PBXFileReference; fileEncoding = 4; lastKnownFileType = text; path = extra_DoGSoftThresh_butterfly.txt; sourceTree = "<group>"; };
		FCB0DB14296362480047FC1C /* DoG_butterfly_o000_s001.png */ = {isa = PBXFileReference; lastKnownFileType = image.png; path = DoG_butterfly_o000_s001.png; sourceTree = "<group>"; };
		FCB0DB15296362480047FC1C /* DoG_butterfly_o001_s001.png */ = {isa = PBXFileReference; lastKnownFileType = image.png; path = DoG_butterfly_o001_s001.png; sourceTree = "<group>"; };
		FCB0DB16296362480047FC1C /* DoG_butterfly_o000_s003.png */ = {isa = PBXFileReference; lastKnownFileType = image.png; path = DoG_butterfly_o000_s003.png; sourceTree = "<group>"; };
		FCB0DB17296362480047FC1C /* DoG_butterfly_o002_s002.png */ = {isa = PBXFileReference; lastKnownFileType = image.png; path = DoG_butterfly_o002_s002.png; sourceTree = "<group>"; };
		FCB0DB18296362480047FC1C /* scalespace_butterfly_o001_s002.png */ = {isa = PBXFileReference; lastKnownFileType = image.png; path = scalespace_butterfly_o001_s002.png; sourceTree = "<group>"; };
		FCB0DB19296362480047FC1C /* scalespace_butterfly_o003_s002.png */ = {isa = PBXFileReference; lastKnownFileType = image.png; path = scalespace_butterfly_o003_s002.png; sourceTree = "<group>"; };
		FCB0DB1A296362480047FC1C /* scalespace_butterfly_o000_s003.png */ = {isa = PBXFileReference; lastKnownFileType = image.png; path = scalespace_butterfly_o000_s003.png; sourceTree = "<group>"; };
		FCB0DB1B296362480047FC1C /* scalespace_butterfly_o003_s000.png */ = {isa = PBXFileReference; lastKnownFileType = image.png; path = scalespace_butterfly_o003_s000.png; sourceTree = "<group>"; };
		FCB0DB1C296362480047FC1C /* DoG_butterfly_o001_s002.png */ = {isa = PBXFileReference; lastKnownFileType = image.png; path = DoG_butterfly_o001_s002.png; sourceTree = "<group>"; };
		FCB0DB1D296362480047FC1C /* scalespace_butterfly_o000_s004.png */ = {isa = PBXFileReference; lastKnownFileType = image.png; path = scalespace_butterfly_o000_s004.png; sourceTree = "<group>"; };
		FCB0DB1E296362480047FC1C /* scalespace_butterfly_o002_s002.png */ = {isa = PBXFileReference; lastKnownFileType = image.png; path = scalespace_butterfly_o002_s002.png; sourceTree = "<group>"; };
		FCB0DB1F296362480047FC1C /* scalespace_butterfly_o004_s002.png */ = {isa = PBXFileReference; lastKnownFileType = image.png; path = scalespace_butterfly_o004_s002.png; sourceTree = "<group>"; };
		FCB0DB20296362480047FC1C /* DoG_butterfly_o004_s001.png */ = {isa = PBXFileReference; lastKnownFileType = image.png; path = DoG_butterfly_o004_s001.png; sourceTree = "<group>"; };
		FCB0DB21296362480047FC1C /* DoG_butterfly_o002_s003.png */ = {isa = PBXFileReference; lastKnownFileType = image.png; path = DoG_butterfly_o002_s003.png; sourceTree = "<group>"; };
		FCB0DB22296362480047FC1C /* scalespace_butterfly_o002_s003.png */ = {isa = PBXFileReference; lastKnownFileType = image.png; path = scalespace_butterfly_o002_s003.png; sourceTree = "<group>"; };
		FCB0DB23296362480047FC1C /* extra_FarFromBorder_butterfly.txt */ = {isa = PBXFileReference; fileEncoding = 4; lastKnownFileType = text; path = extra_FarFromBorder_butterfly.txt; sourceTree = "<group>"; };
		FCB0DB24296362480047FC1C /* DoG_butterfly_o000_s002.png */ = {isa = PBXFileReference; lastKnownFileType = image.png; path = DoG_butterfly_o000_s002.png; sourceTree = "<group>"; };
		FCB0DB25296362480047FC1C /* extra_ExtrInterp_butterfly.txt */ = {isa = PBXFileReference; fileEncoding = 4; lastKnownFileType = text; path = extra_ExtrInterp_butterfly.txt; sourceTree = "<group>"; };
		FCB0DB26296362480047FC1C /* scalespace_butterfly_o001_s001.png */ = {isa = PBXFileReference; lastKnownFileType = image.png; path = scalespace_butterfly_o001_s001.png; sourceTree = "<group>"; };
		FCB0DB27296362480047FC1C /* DoG_butterfly_o003_s003.png */ = {isa = PBXFileReference; lastKnownFileType = image.png; path = DoG_butterfly_o003_s003.png; sourceTree = "<group>"; };
		FCB0DB28296362480047FC1C /* extra_OnEdgeResp_butterfly.txt */ = {isa = PBXFileReference; fileEncoding = 4; lastKnownFileType = text; path = extra_OnEdgeResp_butterfly.txt; sourceTree = "<group>"; };
		FCB0DB29296362480047FC1C /* scalespace_butterfly_o002_s001.png */ = {isa = PBXFileReference; lastKnownFileType = image.png; path = scalespace_butterfly_o002_s001.png; sourceTree = "<group>"; };
		FCB0DB2A296362480047FC1C /* scalespace_butterfly_o002_s005.png */ = {isa = PBXFileReference; lastKnownFileType = image.png; path = scalespace_butterfly_o002_s005.png; sourceTree = "<group>"; };
		FCB0DB2B296362480047FC1C /* DoG_butterfly_o003_s002.png */ = {isa = PBXFileReference; lastKnownFileType = image.png; path = DoG_butterfly_o003_s002.png; sourceTree = "<group>"; };
		FCB0DB2C296362480047FC1C /* scalespace_butterfly_o001_s000.png */ = {isa = PBXFileReference; lastKnownFileType = image.png; path = scalespace_butterfly_o001_s000.png; sourceTree = "<group>"; };
		FCB0DB2D296362480047FC1C /* scalespace_butterfly_o003_s003.png */ = {isa = PBXFileReference; lastKnownFileType = image.png; path = scalespace_butterfly_o003_s003.png; sourceTree = "<group>"; };
		FCB0DB2E296362480047FC1C /* scalespace_butterfly_o004_s005.png */ = {isa = PBXFileReference; lastKnownFileType = image.png; path = scalespace_butterfly_o004_s005.png; sourceTree = "<group>"; };
		FCB0DB2F296362480047FC1C /* scalespace_butterfly_o004_s004.png */ = {isa = PBXFileReference; lastKnownFileType = image.png; path = scalespace_butterfly_o004_s004.png; sourceTree = "<group>"; };
		FCB0DB30296362480047FC1C /* scalespace_butterfly_o003_s001.png */ = {isa = PBXFileReference; lastKnownFileType = image.png; path = scalespace_butterfly_o003_s001.png; sourceTree = "<group>"; };
		FCB0DB31296362480047FC1C /* extra_NES_butterfly.txt */ = {isa = PBXFileReference; fileEncoding = 4; lastKnownFileType = text; path = extra_NES_butterfly.txt; sourceTree = "<group>"; };
		FCB0DB32296362480047FC1C /* butterfly.png */ = {isa = PBXFileReference; lastKnownFileType = image.png; path = butterfly.png; sourceTree = "<group>"; };
		FCB0DB33296362490047FC1C /* scalespace_butterfly_o002_s004.png */ = {isa = PBXFileReference; lastKnownFileType = image.png; path = scalespace_butterfly_o002_s004.png; sourceTree = "<group>"; };
		FCB0DB34296362490047FC1C /* scalespace_butterfly_o003_s004.png */ = {isa = PBXFileReference; lastKnownFileType = image.png; path = scalespace_butterfly_o003_s004.png; sourceTree = "<group>"; };
		FCB0DB35296362490047FC1C /* scalespace_butterfly_o001_s004.png */ = {isa = PBXFileReference; lastKnownFileType = image.png; path = scalespace_butterfly_o001_s004.png; sourceTree = "<group>"; };
		FCB0DB36296362490047FC1C /* DoG_butterfly_o003_s001.png */ = {isa = PBXFileReference; lastKnownFileType = image.png; path = DoG_butterfly_o003_s001.png; sourceTree = "<group>"; };
		FCB0DB37296362490047FC1C /* scalespace_butterfly_o003_s005.png */ = {isa = PBXFileReference; lastKnownFileType = image.png; path = scalespace_butterfly_o003_s005.png; sourceTree = "<group>"; };
		FCB0DB38296362490047FC1C /* scalespace_butterfly_o004_s003.png */ = {isa = PBXFileReference; lastKnownFileType = image.png; path = scalespace_butterfly_o004_s003.png; sourceTree = "<group>"; };
		FCB0DB39296362490047FC1C /* DoG_butterfly_o001_s003.png */ = {isa = PBXFileReference; lastKnownFileType = image.png; path = DoG_butterfly_o001_s003.png; sourceTree = "<group>"; };
		FCB0DB3A296362490047FC1C /* scalespace_butterfly_o000_s001.png */ = {isa = PBXFileReference; lastKnownFileType = image.png; path = scalespace_butterfly_o000_s001.png; sourceTree = "<group>"; };
		FCB0DB3B296362490047FC1C /* scalespace_butterfly_o000_s005.png */ = {isa = PBXFileReference; lastKnownFileType = image.png; path = scalespace_butterfly_o000_s005.png; sourceTree = "<group>"; };
		FCB0DB3C296362490047FC1C /* scalespace_butterfly_o004_s000.png */ = {isa = PBXFileReference; lastKnownFileType = image.png; path = scalespace_butterfly_o004_s000.png; sourceTree = "<group>"; };
		FCB0DB3D296362490047FC1C /* DoG_butterfly_o004_s003.png */ = {isa = PBXFileReference; lastKnownFileType = image.png; path = DoG_butterfly_o004_s003.png; sourceTree = "<group>"; };
		FCB0DB3E296362490047FC1C /* scalespace_butterfly_o000_s002.png */ = {isa = PBXFileReference; lastKnownFileType = image.png; path = scalespace_butterfly_o000_s002.png; sourceTree = "<group>"; };
		FCB0DB3F296362490047FC1C /* scalespace_butterfly_o002_s000.png */ = {isa = PBXFileReference; lastKnownFileType = image.png; path = scalespace_butterfly_o002_s000.png; sourceTree = "<group>"; };
		FCB0DB40296362490047FC1C /* butterfly-descriptors.txt */ = {isa = PBXFileReference; fileEncoding = 4; lastKnownFileType = text; path = "butterfly-descriptors.txt"; sourceTree = "<group>"; };
		FCB0DB41296362490047FC1C /* scalespace_butterfly_o004_s001.png */ = {isa = PBXFileReference; lastKnownFileType = image.png; path = scalespace_butterfly_o004_s001.png; sourceTree = "<group>"; };
		FCB0DB42296362490047FC1C /* extra_DoGThresh_butterfly.txt */ = {isa = PBXFileReference; fileEncoding = 4; lastKnownFileType = text; path = extra_DoGThresh_butterfly.txt; sourceTree = "<group>"; };
		FCB0DB43296362490047FC1C /* scalespace_butterfly_o001_s003.png */ = {isa = PBXFileReference; lastKnownFileType = image.png; path = scalespace_butterfly_o001_s003.png; sourceTree = "<group>"; };
		FCB0DB79296365110047FC1C /* SIFTDescriptor.swift */ = {isa = PBXFileReference; lastKnownFileType = sourcecode.swift; path = SIFTDescriptor.swift; sourceTree = "<group>"; };
		FCB0DB7B296365220047FC1C /* SIFTCorrespondence.swift */ = {isa = PBXFileReference; lastKnownFileType = sourcecode.swift; path = SIFTCorrespondence.swift; sourceTree = "<group>"; };
		FCB0DB7D296365330047FC1C /* SIFTKeypoint.swift */ = {isa = PBXFileReference; lastKnownFileType = sourcecode.swift; path = SIFTKeypoint.swift; sourceTree = "<group>"; };
		FCB0DB7F296377F20047FC1C /* SIFTInterpolateKernel.swift */ = {isa = PBXFileReference; fileEncoding = 4; lastKnownFileType = sourcecode.swift; path = SIFTInterpolateKernel.swift; sourceTree = "<group>"; };
		FCB0DB812964BFA80047FC1C /* SIFTGradientKernel.swift */ = {isa = PBXFileReference; lastKnownFileType = sourcecode.swift; path = SIFTGradientKernel.swift; sourceTree = "<group>"; };
		FCB0DB832964CB320047FC1C /* SIFTOctave.swift */ = {isa = PBXFileReference; lastKnownFileType = sourcecode.swift; path = SIFTOctave.swift; sourceTree = "<group>"; };
		FCB0DB862968B6850047FC1C /* Buffer.swift */ = {isa = PBXFileReference; lastKnownFileType = sourcecode.swift; path = Buffer.swift; sourceTree = "<group>"; };
		FCB2DBD1296194FD00F19CEB /* DescriptorTests.swift */ = {isa = PBXFileReference; fileEncoding = 4; lastKnownFileType = sourcecode.swift; path = DescriptorTests.swift; sourceTree = "<group>"; };
		FCD244732962E0ED00459437 /* SIFTPatch.swift */ = {isa = PBXFileReference; lastKnownFileType = sourcecode.swift; path = SIFTPatch.swift; sourceTree = "<group>"; };
		FCD28C8F2959DFCA0018A2AA /* SubtractKernel.swift */ = {isa = PBXFileReference; fileEncoding = 4; lastKnownFileType = sourcecode.swift; path = SubtractKernel.swift; sourceTree = "<group>"; };
		FCD28C912959E50B0018A2AA /* GaussianDifferenceTests.swift */ = {isa = PBXFileReference; lastKnownFileType = sourcecode.swift; path = GaussianDifferenceTests.swift; sourceTree = "<group>"; };
		FCD28C932959EB8B0018A2AA /* cubehelix.png */ = {isa = PBXFileReference; lastKnownFileType = image.png; path = cubehelix.png; sourceTree = "<group>"; };
		FCD28C952959EBFD0018A2AA /* magma.png */ = {isa = PBXFileReference; lastKnownFileType = image.png; path = magma.png; sourceTree = "<group>"; };
		FCD28C962959EBFD0018A2AA /* inferno.png */ = {isa = PBXFileReference; lastKnownFileType = image.png; path = inferno.png; sourceTree = "<group>"; };
		FCE936792944E86E00E2D486 /* Shaders.metal */ = {isa = PBXFileReference; lastKnownFileType = sourcecode.metal; path = Shaders.metal; sourceTree = "<group>"; };
		FCEBCDAE294E7C32002BB8EF /* VideoFileReader.swift */ = {isa = PBXFileReference; lastKnownFileType = sourcecode.swift; path = VideoFileReader.swift; sourceTree = "<group>"; };
		FCEBCDB0294E7CC4002BB8EF /* CoreVideoMetalCache.swift */ = {isa = PBXFileReference; lastKnownFileType = sourcecode.swift; path = CoreVideoMetalCache.swift; sourceTree = "<group>"; };
		FCEBCDB2294E7D96002BB8EF /* Math.swift */ = {isa = PBXFileReference; lastKnownFileType = sourcecode.swift; path = Math.swift; sourceTree = "<group>"; };
		FCEBCDB4294E7E39002BB8EF /* ImageConversion.swift */ = {isa = PBXFileReference; lastKnownFileType = sourcecode.swift; path = ImageConversion.swift; sourceTree = "<group>"; };
		FCEBCDB6294E831D002BB8EF /* Shared.swift */ = {isa = PBXFileReference; lastKnownFileType = sourcecode.swift; path = Shared.swift; sourceTree = "<group>"; };
		FCEBCDB8294E85BE002BB8EF /* SIFTViewController.swift */ = {isa = PBXFileReference; lastKnownFileType = sourcecode.swift; path = SIFTViewController.swift; sourceTree = "<group>"; };
		FCEBCDBA294E8669002BB8EF /* SIFT.swift */ = {isa = PBXFileReference; lastKnownFileType = sourcecode.swift; path = SIFT.swift; sourceTree = "<group>"; };
		FCEBCDC629510974002BB8EF /* Image.swift */ = {isa = PBXFileReference; lastKnownFileType = sourcecode.swift; path = Image.swift; sourceTree = "<group>"; };
		FCEBCDC8295247C2002BB8EF /* SIFTExtremaKernel.swift */ = {isa = PBXFileReference; lastKnownFileType = sourcecode.swift; path = SIFTExtremaKernel.swift; sourceTree = "<group>"; };
		FCEBCDCE295248AA002BB8EF /* DifferenceOfGaussians.swift */ = {isa = PBXFileReference; lastKnownFileType = sourcecode.swift; path = DifferenceOfGaussians.swift; sourceTree = "<group>"; };
		FCEBCDD629572E6B002BB8EF /* SkyLightTests.xctest */ = {isa = PBXFileReference; explicitFileType = wrapper.cfbundle; includeInIndex = 0; path = SkyLightTests.xctest; sourceTree = BUILT_PRODUCTS_DIR; };
		FCEBCDDF29572E9E002BB8EF /* SkyLightTests-Bridging-Header.h */ = {isa = PBXFileReference; lastKnownFileType = sourcecode.c.h; path = "SkyLightTests-Bridging-Header.h"; sourceTree = "<group>"; };
		FCEBCDE029572E9F002BB8EF /* DifferenceOfGaussiansTests.swift */ = {isa = PBXFileReference; lastKnownFileType = sourcecode.swift; path = DifferenceOfGaussiansTests.swift; sourceTree = "<group>"; };
		FCEBCDEC2957B332002BB8EF /* NearestNeighborDownScaleKernel.swift */ = {isa = PBXFileReference; lastKnownFileType = sourcecode.swift; path = NearestNeighborDownScaleKernel.swift; sourceTree = "<group>"; };
		FCEBCDEE2957BAA6002BB8EF /* viridis.png */ = {isa = PBXFileReference; lastKnownFileType = image.png; path = viridis.png; sourceTree = "<group>"; };
		FCEBCDEF2957BAA6002BB8EF /* warm.png */ = {isa = PBXFileReference; lastKnownFileType = image.png; path = warm.png; sourceTree = "<group>"; };
		FCEBCDF02957BAA7002BB8EF /* turbo.png */ = {isa = PBXFileReference; lastKnownFileType = image.png; path = turbo.png; sourceTree = "<group>"; };
		FCEBCDF729598663002BB8EF /* KeypointTests.swift */ = {isa = PBXFileReference; lastKnownFileType = sourcecode.swift; path = KeypointTests.swift; sourceTree = "<group>"; };
		FCEBCDF9295986BC002BB8EF /* SharedTestCase.swift */ = {isa = PBXFileReference; lastKnownFileType = sourcecode.swift; path = SharedTestCase.swift; sourceTree = "<group>"; };
		FCEE19F8294DB77B00FEC893 /* test-05-480p.mov */ = {isa = PBXFileReference; lastKnownFileType = video.quicktime; path = "test-05-480p.mov"; sourceTree = "<group>"; };
		FCEE19FC294DB8AE00FEC893 /* LucasKanade.swift */ = {isa = PBXFileReference; lastKnownFileType = sourcecode.swift; path = LucasKanade.swift; sourceTree = "<group>"; };
		FCEE19FE294DB8E600FEC893 /* Quad.swift */ = {isa = PBXFileReference; lastKnownFileType = sourcecode.swift; path = Quad.swift; sourceTree = "<group>"; };
		FCEE1A00294DB8F700FEC893 /* CoreGraphicsExtensions.swift */ = {isa = PBXFileReference; lastKnownFileType = sourcecode.swift; path = CoreGraphicsExtensions.swift; sourceTree = "<group>"; };
		FCEE1A02294DB90B00FEC893 /* CoreImageExtensions.swift */ = {isa = PBXFileReference; lastKnownFileType = sourcecode.swift; path = CoreImageExtensions.swift; sourceTree = "<group>"; };
/* End PBXFileReference section */

/* Begin PBXFrameworksBuildPhase section */
		FC9DF9DD293B637F008E8D79 /* Frameworks */ = {
			isa = PBXFrameworksBuildPhase;
			buildActionMask = 2147483647;
			files = (
			);
			runOnlyForDeploymentPostprocessing = 0;
		};
		FCEBCDD329572E6B002BB8EF /* Frameworks */ = {
			isa = PBXFrameworksBuildPhase;
			buildActionMask = 2147483647;
			files = (
			);
			runOnlyForDeploymentPostprocessing = 0;
		};
/* End PBXFrameworksBuildPhase section */

/* Begin PBXGroup section */
		FC5EC4D1294283B200D0F057 /* Resources */ = {
			isa = PBXGroup;
			children = (
				FC9DF9EC293B6380008E8D79 /* Assets.xcassets */,
				FC9DF9F1293B6380008E8D79 /* Info.plist */,
				FC9DF9EE293B6380008E8D79 /* LaunchScreen.storyboard */,
				FCEE19F8294DB77B00FEC893 /* test-05-480p.mov */,
			);
			name = Resources;
			sourceTree = "<group>";
		};
		FC9DF9D7293B637F008E8D79 = {
			isa = PBXGroup;
			children = (
				FC9DF9E2293B637F008E8D79 /* SkyLight */,
				FCEBCDD729572E6B002BB8EF /* SkyLightTests */,
				FC9DF9E1293B637F008E8D79 /* Products */,
			);
			sourceTree = "<group>";
		};
		FC9DF9E1293B637F008E8D79 /* Products */ = {
			isa = PBXGroup;
			children = (
				FC9DF9E0293B637F008E8D79 /* SkyLight.app */,
				FCEBCDD629572E6B002BB8EF /* SkyLightTests.xctest */,
			);
			name = Products;
			sourceTree = "<group>";
		};
		FC9DF9E2293B637F008E8D79 /* SkyLight */ = {
			isa = PBXGroup;
			children = (
				FCEBCDE529575846002BB8EF /* App */,
				FCEBCDE629575850002BB8EF /* View Controller */,
				FCEBCDE729575863002BB8EF /* Algorithms */,
				FCEBCDE82957587A002BB8EF /* Utilities */,
				FC831CF3296AC0AB00C978BA /* SkyLight-Bridging-Header.h */,
				FC831CDF2969C26B00C978BA /* Common.h */,
				FCE936792944E86E00E2D486 /* Shaders.metal */,
				FC831D0C296E044700C978BA /* SIFTExtrema.h */,
				FC831CEE2969C35200C978BA /* SIFTExtrema.metal */,
				FC831CEA2969C2F700C978BA /* SIFTGradient.metal */,
				FC831D03296C70D600C978BA /* SIFTInterpolate.h */,
				FC831CDB2969C22500C978BA /* SIFTInterpolate.metal */,
				FC831CF2296ABFD200C978BA /* SIFTOrientation.h */,
				FC831CF02969C55400C978BA /* SIFTOrientation.metal */,
				FC831CFA296ACF8200C978BA /* SIFTDescriptor.h */,
				FC831CF8296ACF6C00C978BA /* SIFTDescriptor.metal */,
				FC831D01296B541F00C978BA /* ConvolutionSeries.h */,
				FC831CFF296B540400C978BA /* ConvolutionSeries.metal */,
				FC831CEC2969C33300C978BA /* Convolution.metal */,
				FC831CE82969C2DF00C978BA /* BilinearUpScale.metal */,
				FC831CE62969C2CD00C978BA /* NearestNeighborUpScale.metal */,
				FC831D02296B5D9200C978BA /* NearestNeighbor.h */,
				FC831CE42969C2BC00C978BA /* NearestNeighborDownScale.metal */,
				FC831CE22969C2A400C978BA /* Subtract.metal */,
				FC831CE02969C29100C978BA /* ConvertSRGBToGrayscale.metal */,
				FC831CDD2969C24000C978BA /* LucasKanade.metal */,
				FC5EC4D1294283B200D0F057 /* Resources */,
			);
			path = SkyLight;
			sourceTree = "<group>";
		};
		FCD28C992959F2300018A2AA /* Tests */ = {
			isa = PBXGroup;
			children = (
				FCD28C912959E50B0018A2AA /* GaussianDifferenceTests.swift */,
				FCEBCDE029572E9F002BB8EF /* DifferenceOfGaussiansTests.swift */,
				FCEBCDF729598663002BB8EF /* KeypointTests.swift */,
				FCB2DBD1296194FD00F19CEB /* DescriptorTests.swift */,
				FCEBCDF9295986BC002BB8EF /* SharedTestCase.swift */,
				FC154F032975D304001127AC /* KDTreeTests.swift */,
				FC154F07297A9D21001127AC /* TrieTests.swift */,
			);
			path = Tests;
			sourceTree = "<group>";
		};
		FCD28C9A2959F23A0018A2AA /* Color Gradients */ = {
			isa = PBXGroup;
			children = (
				FCEBCDF02957BAA7002BB8EF /* turbo.png */,
				FCEBCDEE2957BAA6002BB8EF /* viridis.png */,
				FCEBCDEF2957BAA6002BB8EF /* warm.png */,
				FCD28C932959EB8B0018A2AA /* cubehelix.png */,
				FCD28C962959EBFD0018A2AA /* inferno.png */,
				FCD28C952959EBFD0018A2AA /* magma.png */,
			);
			path = "Color Gradients";
			sourceTree = "<group>";
		};
		FCD28C9B2959F2480018A2AA /* Test Data */ = {
			isa = PBXGroup;
			children = (
				FCB0DB40296362490047FC1C /* butterfly-descriptors.txt */,
				FCB0DB32296362480047FC1C /* butterfly.png */,
				FCB0DB14296362480047FC1C /* DoG_butterfly_o000_s001.png */,
				FCB0DB24296362480047FC1C /* DoG_butterfly_o000_s002.png */,
				FCB0DB16296362480047FC1C /* DoG_butterfly_o000_s003.png */,
				FCB0DB15296362480047FC1C /* DoG_butterfly_o001_s001.png */,
				FCB0DB1C296362480047FC1C /* DoG_butterfly_o001_s002.png */,
				FCB0DB39296362490047FC1C /* DoG_butterfly_o001_s003.png */,
				FCB0DB11296362470047FC1C /* DoG_butterfly_o002_s001.png */,
				FCB0DB17296362480047FC1C /* DoG_butterfly_o002_s002.png */,
				FCB0DB21296362480047FC1C /* DoG_butterfly_o002_s003.png */,
				FCB0DB36296362490047FC1C /* DoG_butterfly_o003_s001.png */,
				FCB0DB2B296362480047FC1C /* DoG_butterfly_o003_s002.png */,
				FCB0DB27296362480047FC1C /* DoG_butterfly_o003_s003.png */,
				FCB0DB20296362480047FC1C /* DoG_butterfly_o004_s001.png */,
				FCB0DB0F296362470047FC1C /* DoG_butterfly_o004_s002.png */,
				FCB0DB3D296362490047FC1C /* DoG_butterfly_o004_s003.png */,
				FCB0DB13296362470047FC1C /* extra_DoGSoftThresh_butterfly.txt */,
				FCB0DB42296362490047FC1C /* extra_DoGThresh_butterfly.txt */,
				FCB0DB25296362480047FC1C /* extra_ExtrInterp_butterfly.txt */,
				FCB0DB23296362480047FC1C /* extra_FarFromBorder_butterfly.txt */,
				FCB0DB31296362480047FC1C /* extra_NES_butterfly.txt */,
				FCB0DB28296362480047FC1C /* extra_OnEdgeResp_butterfly.txt */,
				FCB0DB12296362470047FC1C /* scalespace_butterfly_o000_s000.png */,
				FCB0DB3A296362490047FC1C /* scalespace_butterfly_o000_s001.png */,
				FCB0DB3E296362490047FC1C /* scalespace_butterfly_o000_s002.png */,
				FCB0DB1A296362480047FC1C /* scalespace_butterfly_o000_s003.png */,
				FCB0DB1D296362480047FC1C /* scalespace_butterfly_o000_s004.png */,
				FCB0DB3B296362490047FC1C /* scalespace_butterfly_o000_s005.png */,
				FCB0DB2C296362480047FC1C /* scalespace_butterfly_o001_s000.png */,
				FCB0DB26296362480047FC1C /* scalespace_butterfly_o001_s001.png */,
				FCB0DB18296362480047FC1C /* scalespace_butterfly_o001_s002.png */,
				FCB0DB43296362490047FC1C /* scalespace_butterfly_o001_s003.png */,
				FCB0DB35296362490047FC1C /* scalespace_butterfly_o001_s004.png */,
				FCB0DB10296362470047FC1C /* scalespace_butterfly_o001_s005.png */,
				FCB0DB3F296362490047FC1C /* scalespace_butterfly_o002_s000.png */,
				FCB0DB29296362480047FC1C /* scalespace_butterfly_o002_s001.png */,
				FCB0DB1E296362480047FC1C /* scalespace_butterfly_o002_s002.png */,
				FCB0DB22296362480047FC1C /* scalespace_butterfly_o002_s003.png */,
				FCB0DB33296362490047FC1C /* scalespace_butterfly_o002_s004.png */,
				FCB0DB2A296362480047FC1C /* scalespace_butterfly_o002_s005.png */,
				FCB0DB1B296362480047FC1C /* scalespace_butterfly_o003_s000.png */,
				FCB0DB30296362480047FC1C /* scalespace_butterfly_o003_s001.png */,
				FCB0DB19296362480047FC1C /* scalespace_butterfly_o003_s002.png */,
				FCB0DB2D296362480047FC1C /* scalespace_butterfly_o003_s003.png */,
				FCB0DB34296362490047FC1C /* scalespace_butterfly_o003_s004.png */,
				FCB0DB37296362490047FC1C /* scalespace_butterfly_o003_s005.png */,
				FCB0DB3C296362490047FC1C /* scalespace_butterfly_o004_s000.png */,
				FCB0DB41296362490047FC1C /* scalespace_butterfly_o004_s001.png */,
				FCB0DB1F296362480047FC1C /* scalespace_butterfly_o004_s002.png */,
				FCB0DB38296362490047FC1C /* scalespace_butterfly_o004_s003.png */,
				FCB0DB2F296362480047FC1C /* scalespace_butterfly_o004_s004.png */,
				FCB0DB2E296362480047FC1C /* scalespace_butterfly_o004_s005.png */,
			);
			path = "Test Data";
			sourceTree = "<group>";
		};
		FCEBCDD729572E6B002BB8EF /* SkyLightTests */ = {
			isa = PBXGroup;
			children = (
				FCD28C992959F2300018A2AA /* Tests */,
				FCD28C9A2959F23A0018A2AA /* Color Gradients */,
				FCD28C9B2959F2480018A2AA /* Test Data */,
				FCEBCDDF29572E9E002BB8EF /* SkyLightTests-Bridging-Header.h */,
			);
			path = SkyLightTests;
			sourceTree = "<group>";
		};
		FCEBCDE529575846002BB8EF /* App */ = {
			isa = PBXGroup;
			children = (
				FC9DF9E3293B637F008E8D79 /* AppDelegate.swift */,
				FCEBCDB6294E831D002BB8EF /* Shared.swift */,
			);
			name = App;
			sourceTree = "<group>";
		};
		FCEBCDE629575850002BB8EF /* View Controller */ = {
			isa = PBXGroup;
			children = (
				FC9DF9E7293B637F008E8D79 /* LucasKanadeViewController.swift */,
				FCEBCDB8294E85BE002BB8EF /* SIFTViewController.swift */,
			);
			name = "View Controller";
			sourceTree = "<group>";
		};
		FCEBCDE729575863002BB8EF /* Algorithms */ = {
			isa = PBXGroup;
			children = (
				FCEBCDBA294E8669002BB8EF /* SIFT.swift */,
				FC831CD72969B05A00C978BA /* SIFTCPU.swift */,
				FCB0DB832964CB320047FC1C /* SIFTOctave.swift */,
				FCB0DB79296365110047FC1C /* SIFTDescriptor.swift */,
				FCB0DB7B296365220047FC1C /* SIFTCorrespondence.swift */,
				FCB0DB7D296365330047FC1C /* SIFTKeypoint.swift */,
				FC831D04296DBAC400C978BA /* SIFTKeypointOrientations.swift */,
				FCD244732962E0ED00459437 /* SIFTPatch.swift */,
				FCEBCDC8295247C2002BB8EF /* SIFTExtremaKernel.swift */,
				FC831D0A296E022F00C978BA /* SIFTExtremaListKernel.swift */,
				FCB0DB812964BFA80047FC1C /* SIFTGradientKernel.swift */,
				FCB0DB7F296377F20047FC1C /* SIFTInterpolateKernel.swift */,
				FC831CD92969C14A00C978BA /* SIFTOrientationKernel.swift */,
				FC831CF6296ACF4C00C978BA /* SIFTDescriptorKernel.swift */,
				FCEBCDCE295248AA002BB8EF /* DifferenceOfGaussians.swift */,
				FC5C0C06295B114700759433 /* ConvertSRGBToGrayscaleKernel.swift */,
				FCEBCDEC2957B332002BB8EF /* NearestNeighborDownScaleKernel.swift */,
				FC5C0C02295AE2EB00759433 /* NearestNeighborUpScaleKernel.swift */,
				FC5C0C08295B161000759433 /* BilinearUpScaleKernel.swift */,
				FCD28C8F2959DFCA0018A2AA /* SubtractKernel.swift */,
				FC831CFB296B522500C978BA /* GaussianSeriesKernel.swift */,
				FC831CFD296B524400C978BA /* ConvolutionSeriesKernel.swift */,
				FC5C0BE8295A3C7F00759433 /* GaussianKernel.swift */,
				FC5C0C04295AF9DD00759433 /* Convolution1DKernel.swift */,
				FCEE19FC294DB8AE00FEC893 /* LucasKanade.swift */,
				FC154F012975D29D001127AC /* KDTree.swift */,
				FC154F09297A9D60001127AC /* Vector.swift */,
				FC154F05297A9CFC001127AC /* Trie.swift */,
			);
			name = Algorithms;
			sourceTree = "<group>";
		};
		FCEBCDE82957587A002BB8EF /* Utilities */ = {
			isa = PBXGroup;
			children = (
				FCEBCDC629510974002BB8EF /* Image.swift */,
				FCB0DB862968B6850047FC1C /* Buffer.swift */,
				FCEBCDAE294E7C32002BB8EF /* VideoFileReader.swift */,
				FCEE1A00294DB8F700FEC893 /* CoreGraphicsExtensions.swift */,
				FCEE1A02294DB90B00FEC893 /* CoreImageExtensions.swift */,
				FCEBCDB0294E7CC4002BB8EF /* CoreVideoMetalCache.swift */,
				FCEBCDB4294E7E39002BB8EF /* ImageConversion.swift */,
				FCEE19FE294DB8E600FEC893 /* Quad.swift */,
				FCEBCDB2294E7D96002BB8EF /* Math.swift */,
				FC831D06296DE8FB00C978BA /* MetalExtensions.swift */,
				FC831D08296DFA4F00C978BA /* Performance.swift */,
			);
			name = Utilities;
			sourceTree = "<group>";
		};
/* End PBXGroup section */

/* Begin PBXNativeTarget section */
		FC9DF9DF293B637F008E8D79 /* SkyLight */ = {
			isa = PBXNativeTarget;
			buildConfigurationList = FC9DF9F4293B6380008E8D79 /* Build configuration list for PBXNativeTarget "SkyLight" */;
			buildPhases = (
				FC9DF9DC293B637F008E8D79 /* Sources */,
				FC9DF9DD293B637F008E8D79 /* Frameworks */,
				FC9DF9DE293B637F008E8D79 /* Resources */,
			);
			buildRules = (
			);
			dependencies = (
			);
			name = SkyLight;
			productName = SkySight;
			productReference = FC9DF9E0293B637F008E8D79 /* SkyLight.app */;
			productType = "com.apple.product-type.application";
		};
		FCEBCDD529572E6B002BB8EF /* SkyLightTests */ = {
			isa = PBXNativeTarget;
			buildConfigurationList = FCEBCDDC29572E6B002BB8EF /* Build configuration list for PBXNativeTarget "SkyLightTests" */;
			buildPhases = (
				FCEBCDD229572E6B002BB8EF /* Sources */,
				FCEBCDD329572E6B002BB8EF /* Frameworks */,
				FCEBCDD429572E6B002BB8EF /* Resources */,
			);
			buildRules = (
			);
			dependencies = (
				FCEBCDDB29572E6B002BB8EF /* PBXTargetDependency */,
			);
			name = SkyLightTests;
			productName = SkySightTests;
			productReference = FCEBCDD629572E6B002BB8EF /* SkyLightTests.xctest */;
			productType = "com.apple.product-type.bundle.unit-test";
		};
/* End PBXNativeTarget section */

/* Begin PBXProject section */
		FC9DF9D8293B637F008E8D79 /* Project object */ = {
			isa = PBXProject;
			attributes = {
				BuildIndependentTargetsInParallel = 1;
				LastSwiftUpdateCheck = 1420;
				LastUpgradeCheck = 1340;
				TargetAttributes = {
					FC9DF9DF293B637F008E8D79 = {
						CreatedOnToolsVersion = 13.4.1;
						LastSwiftMigration = 1420;
					};
					FCEBCDD529572E6B002BB8EF = {
						CreatedOnToolsVersion = 14.2;
						LastSwiftMigration = 1420;
						TestTargetID = FC9DF9DF293B637F008E8D79;
					};
				};
			};
			buildConfigurationList = FC9DF9DB293B637F008E8D79 /* Build configuration list for PBXProject "SkyLight" */;
			compatibilityVersion = "Xcode 13.0";
			developmentRegion = en;
			hasScannedForEncodings = 0;
			knownRegions = (
				en,
				Base,
			);
			mainGroup = FC9DF9D7293B637F008E8D79;
			productRefGroup = FC9DF9E1293B637F008E8D79 /* Products */;
			projectDirPath = "";
			projectRoot = "";
			targets = (
				FC9DF9DF293B637F008E8D79 /* SkyLight */,
				FCEBCDD529572E6B002BB8EF /* SkyLightTests */,
			);
		};
/* End PBXProject section */

/* Begin PBXResourcesBuildPhase section */
		FC9DF9DE293B637F008E8D79 /* Resources */ = {
			isa = PBXResourcesBuildPhase;
			buildActionMask = 2147483647;
			files = (
				FC9DF9F0293B6380008E8D79 /* LaunchScreen.storyboard in Resources */,
				FCEBCDF62957BAAC002BB8EF /* viridis.png in Resources */,
				FC9DF9ED293B6380008E8D79 /* Assets.xcassets in Resources */,
				FCB0DB852964DD150047FC1C /* butterfly.png in Resources */,
				FCEBCDF42957BAAC002BB8EF /* warm.png in Resources */,
				FCEE19FB294DB77C00FEC893 /* test-05-480p.mov in Resources */,
				FCEBCDF52957BAAC002BB8EF /* turbo.png in Resources */,
			);
			runOnlyForDeploymentPostprocessing = 0;
		};
		FCEBCDD429572E6B002BB8EF /* Resources */ = {
			isa = PBXResourcesBuildPhase;
			buildActionMask = 2147483647;
			files = (
				FCB0DB54296362490047FC1C /* scalespace_butterfly_o004_s002.png in Resources */,
				FCB0DB71296362490047FC1C /* scalespace_butterfly_o004_s000.png in Resources */,
				FCB0DB4A296362490047FC1C /* DoG_butterfly_o001_s001.png in Resources */,
				FCD28C982959EBFE0018A2AA /* inferno.png in Resources */,
				FCB0DB4F296362490047FC1C /* scalespace_butterfly_o000_s003.png in Resources */,
				FCB0DB69296362490047FC1C /* scalespace_butterfly_o003_s004.png in Resources */,
				FCB0DB51296362490047FC1C /* DoG_butterfly_o001_s002.png in Resources */,
				FCB0DB46296362490047FC1C /* DoG_butterfly_o002_s001.png in Resources */,
				FCB0DB5F296362490047FC1C /* scalespace_butterfly_o002_s005.png in Resources */,
				FCB0DB73296362490047FC1C /* scalespace_butterfly_o000_s002.png in Resources */,
				FCB0DB6A296362490047FC1C /* scalespace_butterfly_o001_s004.png in Resources */,
				FCB0DB59296362490047FC1C /* DoG_butterfly_o000_s002.png in Resources */,
				FCB0DB62296362490047FC1C /* scalespace_butterfly_o003_s003.png in Resources */,
				FCB0DB64296362490047FC1C /* scalespace_butterfly_o004_s004.png in Resources */,
				FCB0DB57296362490047FC1C /* scalespace_butterfly_o002_s003.png in Resources */,
				FCB0DB63296362490047FC1C /* scalespace_butterfly_o004_s005.png in Resources */,
				FCB0DB5C296362490047FC1C /* DoG_butterfly_o003_s003.png in Resources */,
				FCB0DB6C296362490047FC1C /* scalespace_butterfly_o003_s005.png in Resources */,
				FCB0DB6D296362490047FC1C /* scalespace_butterfly_o004_s003.png in Resources */,
				FCB0DB4B296362490047FC1C /* DoG_butterfly_o000_s003.png in Resources */,
				FCB0DB4E296362490047FC1C /* scalespace_butterfly_o003_s002.png in Resources */,
				FCB0DB58296362490047FC1C /* extra_FarFromBorder_butterfly.txt in Resources */,
				FCB0DB52296362490047FC1C /* scalespace_butterfly_o000_s004.png in Resources */,
				FCB0DB67296362490047FC1C /* butterfly.png in Resources */,
				FCB0DB65296362490047FC1C /* scalespace_butterfly_o003_s001.png in Resources */,
				FCEBCDF12957BAA7002BB8EF /* viridis.png in Resources */,
				FCB0DB70296362490047FC1C /* scalespace_butterfly_o000_s005.png in Resources */,
				FCB0DB74296362490047FC1C /* scalespace_butterfly_o002_s000.png in Resources */,
				FCB0DB47296362490047FC1C /* scalespace_butterfly_o000_s000.png in Resources */,
				FCB0DB50296362490047FC1C /* scalespace_butterfly_o003_s000.png in Resources */,
				FCB0DB60296362490047FC1C /* DoG_butterfly_o003_s002.png in Resources */,
				FCB0DB78296362490047FC1C /* scalespace_butterfly_o001_s003.png in Resources */,
				FCB0DB61296362490047FC1C /* scalespace_butterfly_o001_s000.png in Resources */,
				FCB0DB6F296362490047FC1C /* scalespace_butterfly_o000_s001.png in Resources */,
				FCB0DB44296362490047FC1C /* DoG_butterfly_o004_s002.png in Resources */,
				FCB0DB77296362490047FC1C /* extra_DoGThresh_butterfly.txt in Resources */,
				FCB0DB49296362490047FC1C /* DoG_butterfly_o000_s001.png in Resources */,
				FCB0DB68296362490047FC1C /* scalespace_butterfly_o002_s004.png in Resources */,
				FCB0DB53296362490047FC1C /* scalespace_butterfly_o002_s002.png in Resources */,
				FCB0DB48296362490047FC1C /* extra_DoGSoftThresh_butterfly.txt in Resources */,
				FCB0DB5E296362490047FC1C /* scalespace_butterfly_o002_s001.png in Resources */,
				FCB0DB45296362490047FC1C /* scalespace_butterfly_o001_s005.png in Resources */,
				FCB0DB4C296362490047FC1C /* DoG_butterfly_o002_s002.png in Resources */,
				FCB0DB6B296362490047FC1C /* DoG_butterfly_o003_s001.png in Resources */,
				FCB0DB76296362490047FC1C /* scalespace_butterfly_o004_s001.png in Resources */,
				FCEBCDF22957BAA7002BB8EF /* warm.png in Resources */,
				FCB0DB56296362490047FC1C /* DoG_butterfly_o002_s003.png in Resources */,
				FCB0DB66296362490047FC1C /* extra_NES_butterfly.txt in Resources */,
				FCB0DB5B296362490047FC1C /* scalespace_butterfly_o001_s001.png in Resources */,
				FCB0DB5A296362490047FC1C /* extra_ExtrInterp_butterfly.txt in Resources */,
				FCB0DB4D296362490047FC1C /* scalespace_butterfly_o001_s002.png in Resources */,
				FCB0DB5D296362490047FC1C /* extra_OnEdgeResp_butterfly.txt in Resources */,
				FCB0DB6E296362490047FC1C /* DoG_butterfly_o001_s003.png in Resources */,
				FCD28C942959EB8B0018A2AA /* cubehelix.png in Resources */,
				FCB0DB55296362490047FC1C /* DoG_butterfly_o004_s001.png in Resources */,
				FCEBCDF32957BAA7002BB8EF /* turbo.png in Resources */,
				FCB0DB72296362490047FC1C /* DoG_butterfly_o004_s003.png in Resources */,
				FCD28C972959EBFE0018A2AA /* magma.png in Resources */,
				FCB0DB75296362490047FC1C /* butterfly-descriptors.txt in Resources */,
			);
			runOnlyForDeploymentPostprocessing = 0;
		};
/* End PBXResourcesBuildPhase section */

/* Begin PBXSourcesBuildPhase section */
		FC9DF9DC293B637F008E8D79 /* Sources */ = {
			isa = PBXSourcesBuildPhase;
			buildActionMask = 2147483647;
			files = (
				FCEE19FD294DB8AE00FEC893 /* LucasKanade.swift in Sources */,
				FC831D05296DBAC500C978BA /* SIFTKeypointOrientations.swift in Sources */,
				FC831CEB2969C2F700C978BA /* SIFTGradient.metal in Sources */,
				FC831CF12969C55400C978BA /* SIFTOrientation.metal in Sources */,
				FC831CEF2969C35200C978BA /* SIFTExtrema.metal in Sources */,
				FC831CDA2969C14A00C978BA /* SIFTOrientationKernel.swift in Sources */,
				FC831CFE296B524400C978BA /* ConvolutionSeriesKernel.swift in Sources */,
				FC831CDE2969C24000C978BA /* LucasKanade.metal in Sources */,
				FC831CE92969C2DF00C978BA /* BilinearUpScale.metal in Sources */,
				FC831CE32969C2A400C978BA /* Subtract.metal in Sources */,
				FCB0DB872968B6850047FC1C /* Buffer.swift in Sources */,
				FCEE1A01294DB8F700FEC893 /* CoreGraphicsExtensions.swift in Sources */,
				FC5C0C09295B161000759433 /* BilinearUpScaleKernel.swift in Sources */,
				FC154F022975D29D001127AC /* KDTree.swift in Sources */,
				FCEBCDAF294E7C32002BB8EF /* VideoFileReader.swift in Sources */,
				FC5C0BE9295A3C7F00759433 /* GaussianKernel.swift in Sources */,
				FCEE1A03294DB90B00FEC893 /* CoreImageExtensions.swift in Sources */,
				FC154F06297A9CFC001127AC /* Trie.swift in Sources */,
				FC831CF9296ACF6C00C978BA /* SIFTDescriptor.metal in Sources */,
				FC831CE72969C2CD00C978BA /* NearestNeighborUpScale.metal in Sources */,
				FCB0DB822964BFA80047FC1C /* SIFTGradientKernel.swift in Sources */,
				FCB0DB7A296365110047FC1C /* SIFTDescriptor.swift in Sources */,
				FC5C0C05295AF9DD00759433 /* Convolution1DKernel.swift in Sources */,
				FC831CD82969B05A00C978BA /* SIFTCPU.swift in Sources */,
				FCEBCDC729510974002BB8EF /* Image.swift in Sources */,
				FCE9367A2944E86E00E2D486 /* Shaders.metal in Sources */,
				FCEE19FF294DB8E600FEC893 /* Quad.swift in Sources */,
				FCEBCDB7294E831D002BB8EF /* Shared.swift in Sources */,
				FC5C0C03295AE2EB00759433 /* NearestNeighborUpScaleKernel.swift in Sources */,
				FC9DF9E8293B637F008E8D79 /* LucasKanadeViewController.swift in Sources */,
				FCB0DB7C296365220047FC1C /* SIFTCorrespondence.swift in Sources */,
				FC831D0B296E022F00C978BA /* SIFTExtremaListKernel.swift in Sources */,
				FC9DF9E4293B637F008E8D79 /* AppDelegate.swift in Sources */,
				FC831CFC296B522600C978BA /* GaussianSeriesKernel.swift in Sources */,
				FC154F0A297A9D60001127AC /* Vector.swift in Sources */,
				FC5C0C07295B114700759433 /* ConvertSRGBToGrayscaleKernel.swift in Sources */,
				FC831D00296B540400C978BA /* ConvolutionSeries.metal in Sources */,
				FC831CED2969C33300C978BA /* Convolution.metal in Sources */,
				FC831CE52969C2BC00C978BA /* NearestNeighborDownScale.metal in Sources */,
				FC831D09296DFA4F00C978BA /* Performance.swift in Sources */,
				FC831CE12969C29100C978BA /* ConvertSRGBToGrayscale.metal in Sources */,
				FCB0DB80296377F20047FC1C /* SIFTInterpolateKernel.swift in Sources */,
				FCEBCDBB294E8669002BB8EF /* SIFT.swift in Sources */,
				FCEBCDB1294E7CC4002BB8EF /* CoreVideoMetalCache.swift in Sources */,
				FCD28C902959DFCA0018A2AA /* SubtractKernel.swift in Sources */,
				FCB0DB842964CB320047FC1C /* SIFTOctave.swift in Sources */,
				FCEBCDB9294E85BE002BB8EF /* SIFTViewController.swift in Sources */,
				FC831CF7296ACF4C00C978BA /* SIFTDescriptorKernel.swift in Sources */,
				FCEBCDB3294E7D96002BB8EF /* Math.swift in Sources */,
				FCB0DB7E296365330047FC1C /* SIFTKeypoint.swift in Sources */,
				FCEBCDED2957B332002BB8EF /* NearestNeighborDownScaleKernel.swift in Sources */,
				FCEBCDCF295248AA002BB8EF /* DifferenceOfGaussians.swift in Sources */,
				FCEBCDB5294E7E39002BB8EF /* ImageConversion.swift in Sources */,
				FCD244742962E0ED00459437 /* SIFTPatch.swift in Sources */,
				FC831CDC2969C22500C978BA /* SIFTInterpolate.metal in Sources */,
				FCEBCDC9295247C2002BB8EF /* SIFTExtremaKernel.swift in Sources */,
				FC831D07296DE8FB00C978BA /* MetalExtensions.swift in Sources */,
			);
			runOnlyForDeploymentPostprocessing = 0;
		};
		FCEBCDD229572E6B002BB8EF /* Sources */ = {
			isa = PBXSourcesBuildPhase;
			buildActionMask = 2147483647;
			files = (
				FCEBCDFA295986BC002BB8EF /* SharedTestCase.swift in Sources */,
				FCD28C922959E50B0018A2AA /* GaussianDifferenceTests.swift in Sources */,
				FC154F08297A9D21001127AC /* TrieTests.swift in Sources */,
				FCEBCDF829598663002BB8EF /* KeypointTests.swift in Sources */,
				FCEBCDE129572E9F002BB8EF /* DifferenceOfGaussiansTests.swift in Sources */,
				FC154F042975D304001127AC /* KDTreeTests.swift in Sources */,
				FCB2DBD2296194FD00F19CEB /* DescriptorTests.swift in Sources */,
			);
			runOnlyForDeploymentPostprocessing = 0;
		};
/* End PBXSourcesBuildPhase section */

/* Begin PBXTargetDependency section */
		FCEBCDDB29572E6B002BB8EF /* PBXTargetDependency */ = {
			isa = PBXTargetDependency;
			target = FC9DF9DF293B637F008E8D79 /* SkyLight */;
			targetProxy = FCEBCDDA29572E6B002BB8EF /* PBXContainerItemProxy */;
		};
/* End PBXTargetDependency section */

/* Begin PBXVariantGroup section */
		FC9DF9EE293B6380008E8D79 /* LaunchScreen.storyboard */ = {
			isa = PBXVariantGroup;
			children = (
				FC9DF9EF293B6380008E8D79 /* Base */,
			);
			name = LaunchScreen.storyboard;
			sourceTree = "<group>";
		};
/* End PBXVariantGroup section */

/* Begin XCBuildConfiguration section */
		FC9DF9F2293B6380008E8D79 /* Debug */ = {
			isa = XCBuildConfiguration;
			buildSettings = {
				ALWAYS_SEARCH_USER_PATHS = NO;
				CLANG_ANALYZER_NONNULL = YES;
				CLANG_ANALYZER_NUMBER_OBJECT_CONVERSION = YES_AGGRESSIVE;
				CLANG_CXX_LANGUAGE_STANDARD = "gnu++17";
				CLANG_ENABLE_MODULES = YES;
				CLANG_ENABLE_OBJC_ARC = YES;
				CLANG_ENABLE_OBJC_WEAK = YES;
				CLANG_WARN_BLOCK_CAPTURE_AUTORELEASING = YES;
				CLANG_WARN_BOOL_CONVERSION = YES;
				CLANG_WARN_COMMA = YES;
				CLANG_WARN_CONSTANT_CONVERSION = YES;
				CLANG_WARN_DEPRECATED_OBJC_IMPLEMENTATIONS = YES;
				CLANG_WARN_DIRECT_OBJC_ISA_USAGE = YES_ERROR;
				CLANG_WARN_DOCUMENTATION_COMMENTS = YES;
				CLANG_WARN_EMPTY_BODY = YES;
				CLANG_WARN_ENUM_CONVERSION = YES;
				CLANG_WARN_INFINITE_RECURSION = YES;
				CLANG_WARN_INT_CONVERSION = YES;
				CLANG_WARN_NON_LITERAL_NULL_CONVERSION = YES;
				CLANG_WARN_OBJC_IMPLICIT_RETAIN_SELF = YES;
				CLANG_WARN_OBJC_LITERAL_CONVERSION = YES;
				CLANG_WARN_OBJC_ROOT_CLASS = YES_ERROR;
				CLANG_WARN_QUOTED_INCLUDE_IN_FRAMEWORK_HEADER = YES;
				CLANG_WARN_RANGE_LOOP_ANALYSIS = YES;
				CLANG_WARN_STRICT_PROTOTYPES = YES;
				CLANG_WARN_SUSPICIOUS_MOVE = YES;
				CLANG_WARN_UNGUARDED_AVAILABILITY = YES_AGGRESSIVE;
				CLANG_WARN_UNREACHABLE_CODE = YES;
				CLANG_WARN__DUPLICATE_METHOD_MATCH = YES;
				COPY_PHASE_STRIP = NO;
				DEBUG_INFORMATION_FORMAT = dwarf;
				ENABLE_STRICT_OBJC_MSGSEND = YES;
				ENABLE_TESTABILITY = YES;
				GCC_C_LANGUAGE_STANDARD = gnu11;
				GCC_DYNAMIC_NO_PIC = NO;
				GCC_NO_COMMON_BLOCKS = YES;
				GCC_OPTIMIZATION_LEVEL = s;
				GCC_PREPROCESSOR_DEFINITIONS = (
					"DEBUG=1",
					"$(inherited)",
				);
				GCC_WARN_64_TO_32_BIT_CONVERSION = YES;
				GCC_WARN_ABOUT_RETURN_TYPE = YES_ERROR;
				GCC_WARN_UNDECLARED_SELECTOR = YES;
				GCC_WARN_UNINITIALIZED_AUTOS = YES_AGGRESSIVE;
				GCC_WARN_UNUSED_FUNCTION = YES;
				GCC_WARN_UNUSED_VARIABLE = YES;
				INFOPLIST_KEY_MetalCaptureEnabled = YES;
				IPHONEOS_DEPLOYMENT_TARGET = 16.1;
				MTL_ENABLE_DEBUG_INFO = INCLUDE_SOURCE;
				MTL_FAST_MATH = YES;
				ONLY_ACTIVE_ARCH = YES;
				SDKROOT = iphoneos;
				SWIFT_ACTIVE_COMPILATION_CONDITIONS = DEBUG;
				SWIFT_OPTIMIZATION_LEVEL = "-O";
			};
			name = Debug;
		};
		FC9DF9F3293B6380008E8D79 /* Release */ = {
			isa = XCBuildConfiguration;
			buildSettings = {
				ALWAYS_SEARCH_USER_PATHS = NO;
				CLANG_ANALYZER_NONNULL = YES;
				CLANG_ANALYZER_NUMBER_OBJECT_CONVERSION = YES_AGGRESSIVE;
				CLANG_CXX_LANGUAGE_STANDARD = "gnu++17";
				CLANG_ENABLE_MODULES = YES;
				CLANG_ENABLE_OBJC_ARC = YES;
				CLANG_ENABLE_OBJC_WEAK = YES;
				CLANG_WARN_BLOCK_CAPTURE_AUTORELEASING = YES;
				CLANG_WARN_BOOL_CONVERSION = YES;
				CLANG_WARN_COMMA = YES;
				CLANG_WARN_CONSTANT_CONVERSION = YES;
				CLANG_WARN_DEPRECATED_OBJC_IMPLEMENTATIONS = YES;
				CLANG_WARN_DIRECT_OBJC_ISA_USAGE = YES_ERROR;
				CLANG_WARN_DOCUMENTATION_COMMENTS = YES;
				CLANG_WARN_EMPTY_BODY = YES;
				CLANG_WARN_ENUM_CONVERSION = YES;
				CLANG_WARN_INFINITE_RECURSION = YES;
				CLANG_WARN_INT_CONVERSION = YES;
				CLANG_WARN_NON_LITERAL_NULL_CONVERSION = YES;
				CLANG_WARN_OBJC_IMPLICIT_RETAIN_SELF = YES;
				CLANG_WARN_OBJC_LITERAL_CONVERSION = YES;
				CLANG_WARN_OBJC_ROOT_CLASS = YES_ERROR;
				CLANG_WARN_QUOTED_INCLUDE_IN_FRAMEWORK_HEADER = YES;
				CLANG_WARN_RANGE_LOOP_ANALYSIS = YES;
				CLANG_WARN_STRICT_PROTOTYPES = YES;
				CLANG_WARN_SUSPICIOUS_MOVE = YES;
				CLANG_WARN_UNGUARDED_AVAILABILITY = YES_AGGRESSIVE;
				CLANG_WARN_UNREACHABLE_CODE = YES;
				CLANG_WARN__DUPLICATE_METHOD_MATCH = YES;
				COPY_PHASE_STRIP = NO;
				DEBUG_INFORMATION_FORMAT = "dwarf-with-dsym";
				ENABLE_NS_ASSERTIONS = NO;
				ENABLE_STRICT_OBJC_MSGSEND = YES;
				GCC_C_LANGUAGE_STANDARD = gnu11;
				GCC_NO_COMMON_BLOCKS = YES;
				GCC_WARN_64_TO_32_BIT_CONVERSION = YES;
				GCC_WARN_ABOUT_RETURN_TYPE = YES_ERROR;
				GCC_WARN_UNDECLARED_SELECTOR = YES;
				GCC_WARN_UNINITIALIZED_AUTOS = YES_AGGRESSIVE;
				GCC_WARN_UNUSED_FUNCTION = YES;
				GCC_WARN_UNUSED_VARIABLE = YES;
				INFOPLIST_KEY_MetalCaptureEnabled = YES;
				IPHONEOS_DEPLOYMENT_TARGET = 16.1;
				MTL_ENABLE_DEBUG_INFO = NO;
				MTL_FAST_MATH = YES;
				SDKROOT = iphoneos;
				SWIFT_COMPILATION_MODE = wholemodule;
				SWIFT_OPTIMIZATION_LEVEL = "-O";
				VALIDATE_PRODUCT = YES;
			};
			name = Release;
		};
		FC9DF9F5293B6380008E8D79 /* Debug */ = {
			isa = XCBuildConfiguration;
			buildSettings = {
				ASSETCATALOG_COMPILER_APPICON_NAME = AppIcon;
				ASSETCATALOG_COMPILER_GLOBAL_ACCENT_COLOR_NAME = AccentColor;
				CLANG_ENABLE_MODULES = YES;
				CODE_SIGN_STYLE = Automatic;
				CURRENT_PROJECT_VERSION = 1;
				DEVELOPMENT_TEAM = DBK476475Y;
				GCC_OPTIMIZATION_LEVEL = "$(inherited)";
				GENERATE_INFOPLIST_FILE = YES;
				INFOPLIST_FILE = SkyLight/Info.plist;
				INFOPLIST_KEY_MetalCaptureEnabled = YES;
				INFOPLIST_KEY_UIApplicationSupportsIndirectInputEvents = YES;
				INFOPLIST_KEY_UILaunchStoryboardName = LaunchScreen;
				INFOPLIST_KEY_UIRequiresFullScreen = YES;
				INFOPLIST_KEY_UIStatusBarHidden = YES;
				INFOPLIST_KEY_UISupportedInterfaceOrientations_iPad = "UIInterfaceOrientationPortrait UIInterfaceOrientationPortraitUpsideDown UIInterfaceOrientationLandscapeLeft UIInterfaceOrientationLandscapeRight";
				INFOPLIST_KEY_UISupportedInterfaceOrientations_iPhone = "UIInterfaceOrientationPortrait UIInterfaceOrientationLandscapeLeft UIInterfaceOrientationLandscapeRight";
				IPHONEOS_DEPLOYMENT_TARGET = 16.1;
				LD_RUNPATH_SEARCH_PATHS = (
					"$(inherited)",
					"@executable_path/Frameworks",
				);
				MARKETING_VERSION = 1.0;
				MTLLINKER_FLAGS = "";
				PRODUCT_BUNDLE_IDENTIFIER = com.lukevanin.SkyLight;
				PRODUCT_NAME = "$(TARGET_NAME)";
				SWIFT_EMIT_LOC_STRINGS = YES;
				SWIFT_OBJC_BRIDGING_HEADER = "SkyLight/SkyLight-Bridging-Header.h";
				SWIFT_OPTIMIZATION_LEVEL = "$(inherited)";
				SWIFT_VERSION = 5.0;
				TARGETED_DEVICE_FAMILY = "1,2";
			};
			name = Debug;
		};
		FC9DF9F6293B6380008E8D79 /* Release */ = {
			isa = XCBuildConfiguration;
			buildSettings = {
				ASSETCATALOG_COMPILER_APPICON_NAME = AppIcon;
				ASSETCATALOG_COMPILER_GLOBAL_ACCENT_COLOR_NAME = AccentColor;
				CLANG_ENABLE_MODULES = YES;
				CODE_SIGN_STYLE = Automatic;
				CURRENT_PROJECT_VERSION = 1;
				DEVELOPMENT_TEAM = DBK476475Y;
				GCC_OPTIMIZATION_LEVEL = "$(inherited)";
				GENERATE_INFOPLIST_FILE = YES;
				INFOPLIST_FILE = SkyLight/Info.plist;
				INFOPLIST_KEY_MetalCaptureEnabled = YES;
				INFOPLIST_KEY_UIApplicationSupportsIndirectInputEvents = YES;
				INFOPLIST_KEY_UILaunchStoryboardName = LaunchScreen;
				INFOPLIST_KEY_UIRequiresFullScreen = YES;
				INFOPLIST_KEY_UIStatusBarHidden = YES;
				INFOPLIST_KEY_UISupportedInterfaceOrientations_iPad = "UIInterfaceOrientationPortrait UIInterfaceOrientationPortraitUpsideDown UIInterfaceOrientationLandscapeLeft UIInterfaceOrientationLandscapeRight";
				INFOPLIST_KEY_UISupportedInterfaceOrientations_iPhone = "UIInterfaceOrientationPortrait UIInterfaceOrientationLandscapeLeft UIInterfaceOrientationLandscapeRight";
				IPHONEOS_DEPLOYMENT_TARGET = 16.1;
				LD_RUNPATH_SEARCH_PATHS = (
					"$(inherited)",
					"@executable_path/Frameworks",
				);
				MARKETING_VERSION = 1.0;
				MTLLINKER_FLAGS = "";
				PRODUCT_BUNDLE_IDENTIFIER = com.lukevanin.SkyLight;
				PRODUCT_NAME = "$(TARGET_NAME)";
				SWIFT_EMIT_LOC_STRINGS = YES;
				SWIFT_OBJC_BRIDGING_HEADER = "SkyLight/SkyLight-Bridging-Header.h";
				SWIFT_OPTIMIZATION_LEVEL = "$(inherited)";
				SWIFT_VERSION = 5.0;
				TARGETED_DEVICE_FAMILY = "1,2";
			};
			name = Release;
		};
		FCEBCDDD29572E6B002BB8EF /* Debug */ = {
			isa = XCBuildConfiguration;
			buildSettings = {
				BUNDLE_LOADER = "$(TEST_HOST)";
				CLANG_CXX_LANGUAGE_STANDARD = "gnu++20";
				CLANG_ENABLE_MODULES = YES;
				CODE_SIGN_STYLE = Automatic;
				CURRENT_PROJECT_VERSION = 1;
				DEVELOPMENT_TEAM = DBK476475Y;
				GCC_OPTIMIZATION_LEVEL = "$(inherited)";
				GENERATE_INFOPLIST_FILE = YES;
				IPHONEOS_DEPLOYMENT_TARGET = 16.1;
				LD_RUNPATH_SEARCH_PATHS = (
					"$(inherited)",
					"@executable_path/Frameworks",
					"@loader_path/Frameworks",
				);
				MARKETING_VERSION = 1.0;
				PRODUCT_BUNDLE_IDENTIFIER = com.lukevanin.SkyLightTests;
				PRODUCT_NAME = "$(TARGET_NAME)";
				SWIFT_EMIT_LOC_STRINGS = NO;
				SWIFT_OBJC_BRIDGING_HEADER = "SkyLightTests/SkyLightTests-Bridging-Header.h";
				SWIFT_OPTIMIZATION_LEVEL = "$(inherited)";
				SWIFT_VERSION = 5.0;
				TARGETED_DEVICE_FAMILY = "1,2";
				TEST_HOST = "$(BUILT_PRODUCTS_DIR)/SkyLight.app/$(BUNDLE_EXECUTABLE_FOLDER_PATH)/SkyLight";
			};
			name = Debug;
		};
		FCEBCDDE29572E6B002BB8EF /* Release */ = {
			isa = XCBuildConfiguration;
			buildSettings = {
				BUNDLE_LOADER = "$(TEST_HOST)";
				CLANG_CXX_LANGUAGE_STANDARD = "gnu++20";
				CLANG_ENABLE_MODULES = YES;
				CODE_SIGN_STYLE = Automatic;
				CURRENT_PROJECT_VERSION = 1;
				DEVELOPMENT_TEAM = DBK476475Y;
				GCC_OPTIMIZATION_LEVEL = "$(inherited)";
				GENERATE_INFOPLIST_FILE = YES;
				IPHONEOS_DEPLOYMENT_TARGET = 16.1;
				LD_RUNPATH_SEARCH_PATHS = (
					"$(inherited)",
					"@executable_path/Frameworks",
					"@loader_path/Frameworks",
				);
				MARKETING_VERSION = 1.0;
				PRODUCT_BUNDLE_IDENTIFIER = com.lukevanin.SkyLightTests;
				PRODUCT_NAME = "$(TARGET_NAME)";
				SWIFT_EMIT_LOC_STRINGS = NO;
				SWIFT_OBJC_BRIDGING_HEADER = "SkyLightTests/SkyLightTests-Bridging-Header.h";
				SWIFT_OPTIMIZATION_LEVEL = "$(inherited)";
				SWIFT_VERSION = 5.0;
				TARGETED_DEVICE_FAMILY = "1,2";
				TEST_HOST = "$(BUILT_PRODUCTS_DIR)/SkyLight.app/$(BUNDLE_EXECUTABLE_FOLDER_PATH)/SkyLight";
			};
			name = Release;
		};
/* End XCBuildConfiguration section */

/* Begin XCConfigurationList section */
		FC9DF9DB293B637F008E8D79 /* Build configuration list for PBXProject "SkyLight" */ = {
			isa = XCConfigurationList;
			buildConfigurations = (
				FC9DF9F2293B6380008E8D79 /* Debug */,
				FC9DF9F3293B6380008E8D79 /* Release */,
			);
			defaultConfigurationIsVisible = 0;
			defaultConfigurationName = Release;
		};
		FC9DF9F4293B6380008E8D79 /* Build configuration list for PBXNativeTarget "SkyLight" */ = {
			isa = XCConfigurationList;
			buildConfigurations = (
				FC9DF9F5293B6380008E8D79 /* Debug */,
				FC9DF9F6293B6380008E8D79 /* Release */,
			);
			defaultConfigurationIsVisible = 0;
			defaultConfigurationName = Release;
		};
		FCEBCDDC29572E6B002BB8EF /* Build configuration list for PBXNativeTarget "SkyLightTests" */ = {
			isa = XCConfigurationList;
			buildConfigurations = (
				FCEBCDDD29572E6B002BB8EF /* Debug */,
				FCEBCDDE29572E6B002BB8EF /* Release */,
			);
			defaultConfigurationIsVisible = 0;
			defaultConfigurationName = Release;
		};
/* End XCConfigurationList section */
	};
	rootObject = FC9DF9D8293B637F008E8D79 /* Project object */;
}
