// !$*UTF8*$!
{
	archiveVersion = 1;
	classes = {
	};
	objectVersion = 55;
	objects = {

/* Begin PBXBuildFile section */
		FC154F022975D29D001127AC /* KDTree.swift in Sources */ = {isa = PBXBuildFile; fileRef = FC154F012975D29D001127AC /* KDTree.swift */; };
		FC154F042975D304001127AC /* KDTreeTests.swift in Sources */ = {isa = PBXBuildFile; fileRef = FC154F032975D304001127AC /* KDTreeTests.swift */; };
		FC829E5E297FCE5F000B441C /* SIFTMetal in Frameworks */ = {isa = PBXBuildFile; productRef = FC829E5D297FCE5F000B441C /* SIFTMetal */; };
		FC831CDE2969C24000C978BA /* LucasKanade.metal in Sources */ = {isa = PBXBuildFile; fileRef = FC831CDD2969C24000C978BA /* LucasKanade.metal */; };
		FC88C9662980258C0096F74C /* butterfly.png in Resources */ = {isa = PBXBuildFile; fileRef = FC88C9652980258C0096F74C /* butterfly.png */; };
		FC88C98729818B490096F74C /* CoreGraphicsExtensions.swift in Sources */ = {isa = PBXBuildFile; fileRef = FC88C98629818B490096F74C /* CoreGraphicsExtensions.swift */; };
		FC88C989298191EC0096F74C /* MetalExtensions.swift in Sources */ = {isa = PBXBuildFile; fileRef = FC88C988298191EC0096F74C /* MetalExtensions.swift */; };
		FC88C98B29825B870096F74C /* Sample Data in Resources */ = {isa = PBXBuildFile; fileRef = FC88C98A29825B870096F74C /* Sample Data */; };
		FC88C98D29825C420096F74C /* BagOfWords.swift in Sources */ = {isa = PBXBuildFile; fileRef = FC88C98C29825C420096F74C /* BagOfWords.swift */; };
		FC9DF9E4293B637F008E8D79 /* AppDelegate.swift in Sources */ = {isa = PBXBuildFile; fileRef = FC9DF9E3293B637F008E8D79 /* AppDelegate.swift */; };
		FC9DF9E8293B637F008E8D79 /* LucasKanadeViewController.swift in Sources */ = {isa = PBXBuildFile; fileRef = FC9DF9E7293B637F008E8D79 /* LucasKanadeViewController.swift */; };
		FC9DF9ED293B6380008E8D79 /* Assets.xcassets in Resources */ = {isa = PBXBuildFile; fileRef = FC9DF9EC293B6380008E8D79 /* Assets.xcassets */; };
		FC9DF9F0293B6380008E8D79 /* LaunchScreen.storyboard in Resources */ = {isa = PBXBuildFile; fileRef = FC9DF9EE293B6380008E8D79 /* LaunchScreen.storyboard */; };
		FCD28C942959EB8B0018A2AA /* cubehelix.png in Resources */ = {isa = PBXBuildFile; fileRef = FCD28C932959EB8B0018A2AA /* cubehelix.png */; };
		FCD28C972959EBFE0018A2AA /* magma.png in Resources */ = {isa = PBXBuildFile; fileRef = FCD28C952959EBFD0018A2AA /* magma.png */; };
		FCD28C982959EBFE0018A2AA /* inferno.png in Resources */ = {isa = PBXBuildFile; fileRef = FCD28C962959EBFD0018A2AA /* inferno.png */; };
		FCEBCDAF294E7C32002BB8EF /* VideoFileReader.swift in Sources */ = {isa = PBXBuildFile; fileRef = FCEBCDAE294E7C32002BB8EF /* VideoFileReader.swift */; };
		FCEBCDB9294E85BE002BB8EF /* SIFTViewController.swift in Sources */ = {isa = PBXBuildFile; fileRef = FCEBCDB8294E85BE002BB8EF /* SIFTViewController.swift */; };
		FCEBCDF12957BAA7002BB8EF /* viridis.png in Resources */ = {isa = PBXBuildFile; fileRef = FCEBCDEE2957BAA6002BB8EF /* viridis.png */; };
		FCEBCDF22957BAA7002BB8EF /* warm.png in Resources */ = {isa = PBXBuildFile; fileRef = FCEBCDEF2957BAA6002BB8EF /* warm.png */; };
		FCEBCDF32957BAA7002BB8EF /* turbo.png in Resources */ = {isa = PBXBuildFile; fileRef = FCEBCDF02957BAA7002BB8EF /* turbo.png */; };
		FCEBCDF42957BAAC002BB8EF /* warm.png in Resources */ = {isa = PBXBuildFile; fileRef = FCEBCDEF2957BAA6002BB8EF /* warm.png */; };
		FCEBCDF52957BAAC002BB8EF /* turbo.png in Resources */ = {isa = PBXBuildFile; fileRef = FCEBCDF02957BAA7002BB8EF /* turbo.png */; };
		FCEBCDF62957BAAC002BB8EF /* viridis.png in Resources */ = {isa = PBXBuildFile; fileRef = FCEBCDEE2957BAA6002BB8EF /* viridis.png */; };
		FCEE19FB294DB77C00FEC893 /* test-05-480p.mov in Resources */ = {isa = PBXBuildFile; fileRef = FCEE19F8294DB77B00FEC893 /* test-05-480p.mov */; };
		FCEE19FD294DB8AE00FEC893 /* LucasKanade.swift in Sources */ = {isa = PBXBuildFile; fileRef = FCEE19FC294DB8AE00FEC893 /* LucasKanade.swift */; };
/* End PBXBuildFile section */

/* Begin PBXContainerItemProxy section */
		FCEBCDDA29572E6B002BB8EF /* PBXContainerItemProxy */ = {
			isa = PBXContainerItemProxy;
			containerPortal = FC9DF9D8293B637F008E8D79 /* Project object */;
			proxyType = 1;
			remoteGlobalIDString = FC9DF9DF293B637F008E8D79;
			remoteInfo = SkySight;
		};
/* End PBXContainerItemProxy section */

/* Begin PBXFileReference section */
		FC154F012975D29D001127AC /* KDTree.swift */ = {isa = PBXFileReference; lastKnownFileType = sourcecode.swift; path = KDTree.swift; sourceTree = "<group>"; };
		FC154F032975D304001127AC /* KDTreeTests.swift */ = {isa = PBXFileReference; lastKnownFileType = sourcecode.swift; path = KDTreeTests.swift; sourceTree = "<group>"; };
		FC829E5B297E8FAC000B441C /* README.md */ = {isa = PBXFileReference; lastKnownFileType = net.daringfireball.markdown; path = README.md; sourceTree = "<group>"; };
		FC831CDD2969C24000C978BA /* LucasKanade.metal */ = {isa = PBXFileReference; lastKnownFileType = sourcecode.metal; path = LucasKanade.metal; sourceTree = "<group>"; };
		FC88C9652980258C0096F74C /* butterfly.png */ = {isa = PBXFileReference; lastKnownFileType = image.png; path = butterfly.png; sourceTree = "<group>"; };
		FC88C971298041AB0096F74C /* SIFTMetal */ = {isa = PBXFileReference; lastKnownFileType = wrapper; name = SIFTMetal; path = ../SIFTMetal; sourceTree = "<group>"; };
		FC88C98629818B490096F74C /* CoreGraphicsExtensions.swift */ = {isa = PBXFileReference; lastKnownFileType = sourcecode.swift; path = CoreGraphicsExtensions.swift; sourceTree = "<group>"; };
		FC88C988298191EC0096F74C /* MetalExtensions.swift */ = {isa = PBXFileReference; lastKnownFileType = sourcecode.swift; path = MetalExtensions.swift; sourceTree = "<group>"; };
		FC88C98A29825B870096F74C /* Sample Data */ = {isa = PBXFileReference; lastKnownFileType = folder; path = "Sample Data"; sourceTree = "<group>"; };
		FC88C98C29825C420096F74C /* BagOfWords.swift */ = {isa = PBXFileReference; lastKnownFileType = sourcecode.swift; path = BagOfWords.swift; sourceTree = "<group>"; };
		FC9DF9E0293B637F008E8D79 /* SkyLight.app */ = {isa = PBXFileReference; explicitFileType = wrapper.application; includeInIndex = 0; path = SkyLight.app; sourceTree = BUILT_PRODUCTS_DIR; };
		FC9DF9E3293B637F008E8D79 /* AppDelegate.swift */ = {isa = PBXFileReference; lastKnownFileType = sourcecode.swift; path = AppDelegate.swift; sourceTree = "<group>"; };
		FC9DF9E7293B637F008E8D79 /* LucasKanadeViewController.swift */ = {isa = PBXFileReference; lastKnownFileType = sourcecode.swift; path = LucasKanadeViewController.swift; sourceTree = "<group>"; };
		FC9DF9EC293B6380008E8D79 /* Assets.xcassets */ = {isa = PBXFileReference; lastKnownFileType = folder.assetcatalog; path = Assets.xcassets; sourceTree = "<group>"; };
		FC9DF9EF293B6380008E8D79 /* Base */ = {isa = PBXFileReference; lastKnownFileType = file.storyboard; name = Base; path = Base.lproj/LaunchScreen.storyboard; sourceTree = "<group>"; };
		FC9DF9F1293B6380008E8D79 /* Info.plist */ = {isa = PBXFileReference; lastKnownFileType = text.plist.xml; path = Info.plist; sourceTree = "<group>"; };
		FCD28C932959EB8B0018A2AA /* cubehelix.png */ = {isa = PBXFileReference; lastKnownFileType = image.png; path = cubehelix.png; sourceTree = "<group>"; };
		FCD28C952959EBFD0018A2AA /* magma.png */ = {isa = PBXFileReference; lastKnownFileType = image.png; path = magma.png; sourceTree = "<group>"; };
		FCD28C962959EBFD0018A2AA /* inferno.png */ = {isa = PBXFileReference; lastKnownFileType = image.png; path = inferno.png; sourceTree = "<group>"; };
		FCEBCDAE294E7C32002BB8EF /* VideoFileReader.swift */ = {isa = PBXFileReference; lastKnownFileType = sourcecode.swift; path = VideoFileReader.swift; sourceTree = "<group>"; };
		FCEBCDB8294E85BE002BB8EF /* SIFTViewController.swift */ = {isa = PBXFileReference; lastKnownFileType = sourcecode.swift; path = SIFTViewController.swift; sourceTree = "<group>"; };
		FCEBCDD629572E6B002BB8EF /* SkyLightTests.xctest */ = {isa = PBXFileReference; explicitFileType = wrapper.cfbundle; includeInIndex = 0; path = SkyLightTests.xctest; sourceTree = BUILT_PRODUCTS_DIR; };
		FCEBCDDF29572E9E002BB8EF /* SkyLightTests-Bridging-Header.h */ = {isa = PBXFileReference; lastKnownFileType = sourcecode.c.h; path = "SkyLightTests-Bridging-Header.h"; sourceTree = "<group>"; };
		FCEBCDEE2957BAA6002BB8EF /* viridis.png */ = {isa = PBXFileReference; lastKnownFileType = image.png; path = viridis.png; sourceTree = "<group>"; };
		FCEBCDEF2957BAA6002BB8EF /* warm.png */ = {isa = PBXFileReference; lastKnownFileType = image.png; path = warm.png; sourceTree = "<group>"; };
		FCEBCDF02957BAA7002BB8EF /* turbo.png */ = {isa = PBXFileReference; lastKnownFileType = image.png; path = turbo.png; sourceTree = "<group>"; };
		FCEE19F8294DB77B00FEC893 /* test-05-480p.mov */ = {isa = PBXFileReference; lastKnownFileType = video.quicktime; path = "test-05-480p.mov"; sourceTree = "<group>"; };
		FCEE19FC294DB8AE00FEC893 /* LucasKanade.swift */ = {isa = PBXFileReference; lastKnownFileType = sourcecode.swift; path = LucasKanade.swift; sourceTree = "<group>"; };
/* End PBXFileReference section */

/* Begin PBXFrameworksBuildPhase section */
		FC9DF9DD293B637F008E8D79 /* Frameworks */ = {
			isa = PBXFrameworksBuildPhase;
			buildActionMask = 2147483647;
			files = (
				FC829E5E297FCE5F000B441C /* SIFTMetal in Frameworks */,
			);
			runOnlyForDeploymentPostprocessing = 0;
		};
		FCEBCDD329572E6B002BB8EF /* Frameworks */ = {
			isa = PBXFrameworksBuildPhase;
			buildActionMask = 2147483647;
			files = (
			);
			runOnlyForDeploymentPostprocessing = 0;
		};
/* End PBXFrameworksBuildPhase section */

/* Begin PBXGroup section */
		FC5EC4D1294283B200D0F057 /* Resources */ = {
			isa = PBXGroup;
			children = (
				FC88C9652980258C0096F74C /* butterfly.png */,
				FC9DF9EC293B6380008E8D79 /* Assets.xcassets */,
				FC9DF9F1293B6380008E8D79 /* Info.plist */,
				FC9DF9EE293B6380008E8D79 /* LaunchScreen.storyboard */,
				FCEE19F8294DB77B00FEC893 /* test-05-480p.mov */,
			);
			name = Resources;
			sourceTree = "<group>";
		};
		FC829E4E297E7A25000B441C /* Metal Shaders */ = {
			isa = PBXGroup;
			children = (
				FC829E59297E7B9D000B441C /* Lucas-Kanade */,
			);
			name = "Metal Shaders";
			sourceTree = "<group>";
		};
		FC829E59297E7B9D000B441C /* Lucas-Kanade */ = {
			isa = PBXGroup;
			children = (
				FCEE19FC294DB8AE00FEC893 /* LucasKanade.swift */,
				FC831CDD2969C24000C978BA /* LucasKanade.metal */,
			);
			name = "Lucas-Kanade";
			sourceTree = "<group>";
		};
		FC9DF9D7293B637F008E8D79 = {
			isa = PBXGroup;
			children = (
				FC829E5B297E8FAC000B441C /* README.md */,
				FC9DF9E2293B637F008E8D79 /* SkyLight */,
				FCEBCDD729572E6B002BB8EF /* SkyLightTests */,
				FC88C971298041AB0096F74C /* SIFTMetal */,
				FC9DF9E1293B637F008E8D79 /* Products */,
				FCC79536297FECED00C74BA8 /* Frameworks */,
			);
			sourceTree = "<group>";
		};
		FC9DF9E1293B637F008E8D79 /* Products */ = {
			isa = PBXGroup;
			children = (
				FC9DF9E0293B637F008E8D79 /* SkyLight.app */,
				FCEBCDD629572E6B002BB8EF /* SkyLightTests.xctest */,
			);
			name = Products;
			sourceTree = "<group>";
		};
		FC9DF9E2293B637F008E8D79 /* SkyLight */ = {
			isa = PBXGroup;
			children = (
				FCEBCDE529575846002BB8EF /* App */,
				FCEBCDE629575850002BB8EF /* View Controller */,
				FCEBCDE729575863002BB8EF /* Algorithms */,
				FCEBCDE82957587A002BB8EF /* Utilities */,
				FC829E4E297E7A25000B441C /* Metal Shaders */,
				FC5EC4D1294283B200D0F057 /* Resources */,
				FC88C98A29825B870096F74C /* Sample Data */,
			);
			path = SkyLight;
			sourceTree = "<group>";
		};
		FCC79536297FECED00C74BA8 /* Frameworks */ = {
			isa = PBXGroup;
			children = (
			);
			name = Frameworks;
			sourceTree = "<group>";
		};
		FCD28C992959F2300018A2AA /* Tests */ = {
			isa = PBXGroup;
			children = (
				FC154F032975D304001127AC /* KDTreeTests.swift */,
			);
			path = Tests;
			sourceTree = "<group>";
		};
		FCD28C9A2959F23A0018A2AA /* Color Gradients */ = {
			isa = PBXGroup;
			children = (
				FCEBCDF02957BAA7002BB8EF /* turbo.png */,
				FCEBCDEE2957BAA6002BB8EF /* viridis.png */,
				FCEBCDEF2957BAA6002BB8EF /* warm.png */,
				FCD28C932959EB8B0018A2AA /* cubehelix.png */,
				FCD28C962959EBFD0018A2AA /* inferno.png */,
				FCD28C952959EBFD0018A2AA /* magma.png */,
			);
			path = "Color Gradients";
			sourceTree = "<group>";
		};
		FCD28C9B2959F2480018A2AA /* Test Data */ = {
			isa = PBXGroup;
			children = (
			);
			path = "Test Data";
			sourceTree = "<group>";
		};
		FCEBCDD729572E6B002BB8EF /* SkyLightTests */ = {
			isa = PBXGroup;
			children = (
				FCD28C992959F2300018A2AA /* Tests */,
				FCD28C9A2959F23A0018A2AA /* Color Gradients */,
				FCD28C9B2959F2480018A2AA /* Test Data */,
				FCEBCDDF29572E9E002BB8EF /* SkyLightTests-Bridging-Header.h */,
			);
			path = SkyLightTests;
			sourceTree = "<group>";
		};
		FCEBCDE529575846002BB8EF /* App */ = {
			isa = PBXGroup;
			children = (
				FC9DF9E3293B637F008E8D79 /* AppDelegate.swift */,
			);
			name = App;
			sourceTree = "<group>";
		};
		FCEBCDE629575850002BB8EF /* View Controller */ = {
			isa = PBXGroup;
			children = (
				FC9DF9E7293B637F008E8D79 /* LucasKanadeViewController.swift */,
				FCEBCDB8294E85BE002BB8EF /* SIFTViewController.swift */,
				FC88C98C29825C420096F74C /* BagOfWords.swift */,
			);
			name = "View Controller";
			sourceTree = "<group>";
		};
		FCEBCDE729575863002BB8EF /* Algorithms */ = {
			isa = PBXGroup;
			children = (
				FC154F012975D29D001127AC /* KDTree.swift */,
			);
			name = Algorithms;
			sourceTree = "<group>";
		};
		FCEBCDE82957587A002BB8EF /* Utilities */ = {
			isa = PBXGroup;
			children = (
				FCEBCDAE294E7C32002BB8EF /* VideoFileReader.swift */,
				FC88C98629818B490096F74C /* CoreGraphicsExtensions.swift */,
				FC88C988298191EC0096F74C /* MetalExtensions.swift */,
			);
			name = Utilities;
			sourceTree = "<group>";
		};
/* End PBXGroup section */

/* Begin PBXNativeTarget section */
		FC9DF9DF293B637F008E8D79 /* SkyLight */ = {
			isa = PBXNativeTarget;
			buildConfigurationList = FC9DF9F4293B6380008E8D79 /* Build configuration list for PBXNativeTarget "SkyLight" */;
			buildPhases = (
				FC9DF9DC293B637F008E8D79 /* Sources */,
				FC9DF9DD293B637F008E8D79 /* Frameworks */,
				FC9DF9DE293B637F008E8D79 /* Resources */,
			);
			buildRules = (
			);
			dependencies = (
			);
			name = SkyLight;
			packageProductDependencies = (
				FC829E5D297FCE5F000B441C /* SIFTMetal */,
			);
			productName = SkySight;
			productReference = FC9DF9E0293B637F008E8D79 /* SkyLight.app */;
			productType = "com.apple.product-type.application";
		};
		FCEBCDD529572E6B002BB8EF /* SkyLightTests */ = {
			isa = PBXNativeTarget;
			buildConfigurationList = FCEBCDDC29572E6B002BB8EF /* Build configuration list for PBXNativeTarget "SkyLightTests" */;
			buildPhases = (
				FCEBCDD229572E6B002BB8EF /* Sources */,
				FCEBCDD329572E6B002BB8EF /* Frameworks */,
				FCEBCDD429572E6B002BB8EF /* Resources */,
			);
			buildRules = (
			);
			dependencies = (
				FCEBCDDB29572E6B002BB8EF /* PBXTargetDependency */,
			);
			name = SkyLightTests;
			packageProductDependencies = (
			);
			productName = SkySightTests;
			productReference = FCEBCDD629572E6B002BB8EF /* SkyLightTests.xctest */;
			productType = "com.apple.product-type.bundle.unit-test";
		};
/* End PBXNativeTarget section */

/* Begin PBXProject section */
		FC9DF9D8293B637F008E8D79 /* Project object */ = {
			isa = PBXProject;
			attributes = {
				BuildIndependentTargetsInParallel = 1;
				LastSwiftUpdateCheck = 1420;
				LastUpgradeCheck = 1340;
				TargetAttributes = {
					FC9DF9DF293B637F008E8D79 = {
						CreatedOnToolsVersion = 13.4.1;
						LastSwiftMigration = 1420;
					};
					FCEBCDD529572E6B002BB8EF = {
						CreatedOnToolsVersion = 14.2;
						LastSwiftMigration = 1420;
						TestTargetID = FC9DF9DF293B637F008E8D79;
					};
				};
			};
			buildConfigurationList = FC9DF9DB293B637F008E8D79 /* Build configuration list for PBXProject "SkyLight" */;
			compatibilityVersion = "Xcode 13.0";
			developmentRegion = en;
			hasScannedForEncodings = 0;
			knownRegions = (
				en,
				Base,
			);
			mainGroup = FC9DF9D7293B637F008E8D79;
			packageReferences = (
				FC829E5C297FCE5F000B441C /* XCRemoteSwiftPackageReference "SIFTMetal" */,
			);
			productRefGroup = FC9DF9E1293B637F008E8D79 /* Products */;
			projectDirPath = "";
			projectRoot = "";
			targets = (
				FC9DF9DF293B637F008E8D79 /* SkyLight */,
				FCEBCDD529572E6B002BB8EF /* SkyLightTests */,
			);
		};
/* End PBXProject section */

/* Begin PBXResourcesBuildPhase section */
		FC9DF9DE293B637F008E8D79 /* Resources */ = {
			isa = PBXResourcesBuildPhase;
			buildActionMask = 2147483647;
			files = (
				FC9DF9F0293B6380008E8D79 /* LaunchScreen.storyboard in Resources */,
				FCEBCDF62957BAAC002BB8EF /* viridis.png in Resources */,
				FC9DF9ED293B6380008E8D79 /* Assets.xcassets in Resources */,
				FC88C9662980258C0096F74C /* butterfly.png in Resources */,
				FCEBCDF42957BAAC002BB8EF /* warm.png in Resources */,
				FCEE19FB294DB77C00FEC893 /* test-05-480p.mov in Resources */,
				FCEBCDF52957BAAC002BB8EF /* turbo.png in Resources */,
				FC88C98B29825B870096F74C /* Sample Data in Resources */,
			);
			runOnlyForDeploymentPostprocessing = 0;
		};
		FCEBCDD429572E6B002BB8EF /* Resources */ = {
			isa = PBXResourcesBuildPhase;
			buildActionMask = 2147483647;
			files = (
				FCD28C982959EBFE0018A2AA /* inferno.png in Resources */,
				FCEBCDF12957BAA7002BB8EF /* viridis.png in Resources */,
				FCEBCDF22957BAA7002BB8EF /* warm.png in Resources */,
				FCD28C942959EB8B0018A2AA /* cubehelix.png in Resources */,
				FCEBCDF32957BAA7002BB8EF /* turbo.png in Resources */,
				FCD28C972959EBFE0018A2AA /* magma.png in Resources */,
			);
			runOnlyForDeploymentPostprocessing = 0;
		};
/* End PBXResourcesBuildPhase section */

/* Begin PBXSourcesBuildPhase section */
		FC9DF9DC293B637F008E8D79 /* Sources */ = {
			isa = PBXSourcesBuildPhase;
			buildActionMask = 2147483647;
			files = (
				FCEE19FD294DB8AE00FEC893 /* LucasKanade.swift in Sources */,
				FC88C98729818B490096F74C /* CoreGraphicsExtensions.swift in Sources */,
				FC831CDE2969C24000C978BA /* LucasKanade.metal in Sources */,
				FC154F022975D29D001127AC /* KDTree.swift in Sources */,
				FC88C98D29825C420096F74C /* BagOfWords.swift in Sources */,
				FCEBCDAF294E7C32002BB8EF /* VideoFileReader.swift in Sources */,
				FC9DF9E8293B637F008E8D79 /* LucasKanadeViewController.swift in Sources */,
				FC9DF9E4293B637F008E8D79 /* AppDelegate.swift in Sources */,
				FCEBCDB9294E85BE002BB8EF /* SIFTViewController.swift in Sources */,
				FC88C989298191EC0096F74C /* MetalExtensions.swift in Sources */,
			);
			runOnlyForDeploymentPostprocessing = 0;
		};
		FCEBCDD229572E6B002BB8EF /* Sources */ = {
			isa = PBXSourcesBuildPhase;
			buildActionMask = 2147483647;
			files = (
				FC154F042975D304001127AC /* KDTreeTests.swift in Sources */,
			);
			runOnlyForDeploymentPostprocessing = 0;
		};
/* End PBXSourcesBuildPhase section */

/* Begin PBXTargetDependency section */
		FCEBCDDB29572E6B002BB8EF /* PBXTargetDependency */ = {
			isa = PBXTargetDependency;
			target = FC9DF9DF293B637F008E8D79 /* SkyLight */;
			targetProxy = FCEBCDDA29572E6B002BB8EF /* PBXContainerItemProxy */;
		};
/* End PBXTargetDependency section */

/* Begin PBXVariantGroup section */
		FC9DF9EE293B6380008E8D79 /* LaunchScreen.storyboard */ = {
			isa = PBXVariantGroup;
			children = (
				FC9DF9EF293B6380008E8D79 /* Base */,
			);
			name = LaunchScreen.storyboard;
			sourceTree = "<group>";
		};
/* End PBXVariantGroup section */

/* Begin XCBuildConfiguration section */
		FC9DF9F2293B6380008E8D79 /* Debug */ = {
			isa = XCBuildConfiguration;
			buildSettings = {
				ALWAYS_SEARCH_USER_PATHS = NO;
				CLANG_ANALYZER_NONNULL = YES;
				CLANG_ANALYZER_NUMBER_OBJECT_CONVERSION = YES_AGGRESSIVE;
				CLANG_CXX_LANGUAGE_STANDARD = "gnu++17";
				CLANG_ENABLE_MODULES = YES;
				CLANG_ENABLE_OBJC_ARC = YES;
				CLANG_ENABLE_OBJC_WEAK = YES;
				CLANG_WARN_BLOCK_CAPTURE_AUTORELEASING = YES;
				CLANG_WARN_BOOL_CONVERSION = YES;
				CLANG_WARN_COMMA = YES;
				CLANG_WARN_CONSTANT_CONVERSION = YES;
				CLANG_WARN_DEPRECATED_OBJC_IMPLEMENTATIONS = YES;
				CLANG_WARN_DIRECT_OBJC_ISA_USAGE = YES_ERROR;
				CLANG_WARN_DOCUMENTATION_COMMENTS = YES;
				CLANG_WARN_EMPTY_BODY = YES;
				CLANG_WARN_ENUM_CONVERSION = YES;
				CLANG_WARN_INFINITE_RECURSION = YES;
				CLANG_WARN_INT_CONVERSION = YES;
				CLANG_WARN_NON_LITERAL_NULL_CONVERSION = YES;
				CLANG_WARN_OBJC_IMPLICIT_RETAIN_SELF = YES;
				CLANG_WARN_OBJC_LITERAL_CONVERSION = YES;
				CLANG_WARN_OBJC_ROOT_CLASS = YES_ERROR;
				CLANG_WARN_QUOTED_INCLUDE_IN_FRAMEWORK_HEADER = YES;
				CLANG_WARN_RANGE_LOOP_ANALYSIS = YES;
				CLANG_WARN_STRICT_PROTOTYPES = YES;
				CLANG_WARN_SUSPICIOUS_MOVE = YES;
				CLANG_WARN_UNGUARDED_AVAILABILITY = YES_AGGRESSIVE;
				CLANG_WARN_UNREACHABLE_CODE = YES;
				CLANG_WARN__DUPLICATE_METHOD_MATCH = YES;
				COPY_PHASE_STRIP = NO;
				DEBUG_INFORMATION_FORMAT = dwarf;
				ENABLE_STRICT_OBJC_MSGSEND = YES;
				ENABLE_TESTABILITY = YES;
				GCC_C_LANGUAGE_STANDARD = gnu11;
				GCC_DYNAMIC_NO_PIC = NO;
				GCC_NO_COMMON_BLOCKS = YES;
				GCC_OPTIMIZATION_LEVEL = s;
				GCC_PREPROCESSOR_DEFINITIONS = (
					"DEBUG=1",
					"$(inherited)",
				);
				GCC_WARN_64_TO_32_BIT_CONVERSION = YES;
				GCC_WARN_ABOUT_RETURN_TYPE = YES_ERROR;
				GCC_WARN_UNDECLARED_SELECTOR = YES;
				GCC_WARN_UNINITIALIZED_AUTOS = YES_AGGRESSIVE;
				GCC_WARN_UNUSED_FUNCTION = YES;
				GCC_WARN_UNUSED_VARIABLE = YES;
				INFOPLIST_KEY_MetalCaptureEnabled = YES;
				IPHONEOS_DEPLOYMENT_TARGET = 16.1;
				LLVM_LTO = YES;
				MTL_ENABLE_DEBUG_INFO = INCLUDE_SOURCE;
				MTL_FAST_MATH = YES;
				ONLY_ACTIVE_ARCH = YES;
				SDKROOT = iphoneos;
				SWIFT_ACTIVE_COMPILATION_CONDITIONS = DEBUG;
				SWIFT_COMPILATION_MODE = wholemodule;
				SWIFT_OPTIMIZATION_LEVEL = "-O";
			};
			name = Debug;
		};
		FC9DF9F3293B6380008E8D79 /* Release */ = {
			isa = XCBuildConfiguration;
			buildSettings = {
				ALWAYS_SEARCH_USER_PATHS = NO;
				CLANG_ANALYZER_NONNULL = YES;
				CLANG_ANALYZER_NUMBER_OBJECT_CONVERSION = YES_AGGRESSIVE;
				CLANG_CXX_LANGUAGE_STANDARD = "gnu++17";
				CLANG_ENABLE_MODULES = YES;
				CLANG_ENABLE_OBJC_ARC = YES;
				CLANG_ENABLE_OBJC_WEAK = YES;
				CLANG_WARN_BLOCK_CAPTURE_AUTORELEASING = YES;
				CLANG_WARN_BOOL_CONVERSION = YES;
				CLANG_WARN_COMMA = YES;
				CLANG_WARN_CONSTANT_CONVERSION = YES;
				CLANG_WARN_DEPRECATED_OBJC_IMPLEMENTATIONS = YES;
				CLANG_WARN_DIRECT_OBJC_ISA_USAGE = YES_ERROR;
				CLANG_WARN_DOCUMENTATION_COMMENTS = YES;
				CLANG_WARN_EMPTY_BODY = YES;
				CLANG_WARN_ENUM_CONVERSION = YES;
				CLANG_WARN_INFINITE_RECURSION = YES;
				CLANG_WARN_INT_CONVERSION = YES;
				CLANG_WARN_NON_LITERAL_NULL_CONVERSION = YES;
				CLANG_WARN_OBJC_IMPLICIT_RETAIN_SELF = YES;
				CLANG_WARN_OBJC_LITERAL_CONVERSION = YES;
				CLANG_WARN_OBJC_ROOT_CLASS = YES_ERROR;
				CLANG_WARN_QUOTED_INCLUDE_IN_FRAMEWORK_HEADER = YES;
				CLANG_WARN_RANGE_LOOP_ANALYSIS = YES;
				CLANG_WARN_STRICT_PROTOTYPES = YES;
				CLANG_WARN_SUSPICIOUS_MOVE = YES;
				CLANG_WARN_UNGUARDED_AVAILABILITY = YES_AGGRESSIVE;
				CLANG_WARN_UNREACHABLE_CODE = YES;
				CLANG_WARN__DUPLICATE_METHOD_MATCH = YES;
				COPY_PHASE_STRIP = NO;
				DEBUG_INFORMATION_FORMAT = "dwarf-with-dsym";
				ENABLE_NS_ASSERTIONS = NO;
				ENABLE_STRICT_OBJC_MSGSEND = YES;
				GCC_C_LANGUAGE_STANDARD = gnu11;
				GCC_NO_COMMON_BLOCKS = YES;
				GCC_WARN_64_TO_32_BIT_CONVERSION = YES;
				GCC_WARN_ABOUT_RETURN_TYPE = YES_ERROR;
				GCC_WARN_UNDECLARED_SELECTOR = YES;
				GCC_WARN_UNINITIALIZED_AUTOS = YES_AGGRESSIVE;
				GCC_WARN_UNUSED_FUNCTION = YES;
				GCC_WARN_UNUSED_VARIABLE = YES;
				INFOPLIST_KEY_MetalCaptureEnabled = YES;
				IPHONEOS_DEPLOYMENT_TARGET = 16.1;
				LLVM_LTO = YES;
				MTL_ENABLE_DEBUG_INFO = NO;
				MTL_FAST_MATH = YES;
				SDKROOT = iphoneos;
				SWIFT_COMPILATION_MODE = wholemodule;
				SWIFT_OPTIMIZATION_LEVEL = "-O";
				VALIDATE_PRODUCT = YES;
			};
			name = Release;
		};
		FC9DF9F5293B6380008E8D79 /* Debug */ = {
			isa = XCBuildConfiguration;
			buildSettings = {
				ASSETCATALOG_COMPILER_APPICON_NAME = AppIcon;
				ASSETCATALOG_COMPILER_GLOBAL_ACCENT_COLOR_NAME = AccentColor;
				CLANG_ENABLE_MODULES = YES;
				CODE_SIGN_STYLE = Automatic;
				CURRENT_PROJECT_VERSION = 1;
				DEVELOPMENT_TEAM = DBK476475Y;
				GCC_OPTIMIZATION_LEVEL = "$(inherited)";
				GENERATE_INFOPLIST_FILE = YES;
				INFOPLIST_FILE = SkyLight/Info.plist;
				INFOPLIST_KEY_MetalCaptureEnabled = YES;
				INFOPLIST_KEY_UIApplicationSupportsIndirectInputEvents = YES;
				INFOPLIST_KEY_UILaunchStoryboardName = LaunchScreen;
				INFOPLIST_KEY_UIRequiresFullScreen = YES;
				INFOPLIST_KEY_UIStatusBarHidden = YES;
				INFOPLIST_KEY_UISupportedInterfaceOrientations_iPad = "UIInterfaceOrientationPortrait UIInterfaceOrientationPortraitUpsideDown UIInterfaceOrientationLandscapeLeft UIInterfaceOrientationLandscapeRight";
				INFOPLIST_KEY_UISupportedInterfaceOrientations_iPhone = "UIInterfaceOrientationPortrait UIInterfaceOrientationLandscapeLeft UIInterfaceOrientationLandscapeRight";
				IPHONEOS_DEPLOYMENT_TARGET = 16.1;
				LD_RUNPATH_SEARCH_PATHS = (
					"$(inherited)",
					"@executable_path/Frameworks",
				);
				MARKETING_VERSION = 1.0;
				MTLLINKER_FLAGS = "";
				PRODUCT_BUNDLE_IDENTIFIER = com.lukevanin.SkyLight;
				PRODUCT_NAME = "$(TARGET_NAME)";
				SWIFT_EMIT_LOC_STRINGS = YES;
				SWIFT_OBJC_BRIDGING_HEADER = "";
				SWIFT_OPTIMIZATION_LEVEL = "$(inherited)";
				SWIFT_VERSION = 5.0;
				TARGETED_DEVICE_FAMILY = "1,2";
			};
			name = Debug;
		};
		FC9DF9F6293B6380008E8D79 /* Release */ = {
			isa = XCBuildConfiguration;
			buildSettings = {
				ASSETCATALOG_COMPILER_APPICON_NAME = AppIcon;
				ASSETCATALOG_COMPILER_GLOBAL_ACCENT_COLOR_NAME = AccentColor;
				CLANG_ENABLE_MODULES = YES;
				CODE_SIGN_STYLE = Automatic;
				CURRENT_PROJECT_VERSION = 1;
				DEVELOPMENT_TEAM = DBK476475Y;
				GCC_OPTIMIZATION_LEVEL = "$(inherited)";
				GENERATE_INFOPLIST_FILE = YES;
				INFOPLIST_FILE = SkyLight/Info.plist;
				INFOPLIST_KEY_MetalCaptureEnabled = YES;
				INFOPLIST_KEY_UIApplicationSupportsIndirectInputEvents = YES;
				INFOPLIST_KEY_UILaunchStoryboardName = LaunchScreen;
				INFOPLIST_KEY_UIRequiresFullScreen = YES;
				INFOPLIST_KEY_UIStatusBarHidden = YES;
				INFOPLIST_KEY_UISupportedInterfaceOrientations_iPad = "UIInterfaceOrientationPortrait UIInterfaceOrientationPortraitUpsideDown UIInterfaceOrientationLandscapeLeft UIInterfaceOrientationLandscapeRight";
				INFOPLIST_KEY_UISupportedInterfaceOrientations_iPhone = "UIInterfaceOrientationPortrait UIInterfaceOrientationLandscapeLeft UIInterfaceOrientationLandscapeRight";
				IPHONEOS_DEPLOYMENT_TARGET = 16.1;
				LD_RUNPATH_SEARCH_PATHS = (
					"$(inherited)",
					"@executable_path/Frameworks",
				);
				MARKETING_VERSION = 1.0;
				MTLLINKER_FLAGS = "";
				PRODUCT_BUNDLE_IDENTIFIER = com.lukevanin.SkyLight;
				PRODUCT_NAME = "$(TARGET_NAME)";
				SWIFT_EMIT_LOC_STRINGS = YES;
				SWIFT_OBJC_BRIDGING_HEADER = "";
				SWIFT_OPTIMIZATION_LEVEL = "$(inherited)";
				SWIFT_VERSION = 5.0;
				TARGETED_DEVICE_FAMILY = "1,2";
			};
			name = Release;
		};
		FCEBCDDD29572E6B002BB8EF /* Debug */ = {
			isa = XCBuildConfiguration;
			buildSettings = {
				BUNDLE_LOADER = "$(TEST_HOST)";
				CLANG_CXX_LANGUAGE_STANDARD = "gnu++20";
				CLANG_ENABLE_MODULES = YES;
				CODE_SIGN_STYLE = Automatic;
				CURRENT_PROJECT_VERSION = 1;
				DEVELOPMENT_TEAM = DBK476475Y;
				GCC_OPTIMIZATION_LEVEL = "$(inherited)";
				GENERATE_INFOPLIST_FILE = YES;
				IPHONEOS_DEPLOYMENT_TARGET = 16.1;
				LD_RUNPATH_SEARCH_PATHS = (
					"$(inherited)",
					"@executable_path/Frameworks",
					"@loader_path/Frameworks",
				);
				MARKETING_VERSION = 1.0;
				PRODUCT_BUNDLE_IDENTIFIER = com.lukevanin.SkyLightTests;
				PRODUCT_NAME = "$(TARGET_NAME)";
				SWIFT_EMIT_LOC_STRINGS = NO;
				SWIFT_OBJC_BRIDGING_HEADER = "";
				SWIFT_OPTIMIZATION_LEVEL = "$(inherited)";
				SWIFT_VERSION = 5.0;
				TARGETED_DEVICE_FAMILY = "1,2";
				TEST_HOST = "$(BUILT_PRODUCTS_DIR)/SkyLight.app/$(BUNDLE_EXECUTABLE_FOLDER_PATH)/SkyLight";
			};
			name = Debug;
		};
		FCEBCDDE29572E6B002BB8EF /* Release */ = {
			isa = XCBuildConfiguration;
			buildSettings = {
				BUNDLE_LOADER = "$(TEST_HOST)";
				CLANG_CXX_LANGUAGE_STANDARD = "gnu++20";
				CLANG_ENABLE_MODULES = YES;
				CODE_SIGN_STYLE = Automatic;
				CURRENT_PROJECT_VERSION = 1;
				DEVELOPMENT_TEAM = DBK476475Y;
				GCC_OPTIMIZATION_LEVEL = "$(inherited)";
				GENERATE_INFOPLIST_FILE = YES;
				IPHONEOS_DEPLOYMENT_TARGET = 16.1;
				LD_RUNPATH_SEARCH_PATHS = (
					"$(inherited)",
					"@executable_path/Frameworks",
					"@loader_path/Frameworks",
				);
				MARKETING_VERSION = 1.0;
				PRODUCT_BUNDLE_IDENTIFIER = com.lukevanin.SkyLightTests;
				PRODUCT_NAME = "$(TARGET_NAME)";
				SWIFT_EMIT_LOC_STRINGS = NO;
				SWIFT_OBJC_BRIDGING_HEADER = "";
				SWIFT_OPTIMIZATION_LEVEL = "$(inherited)";
				SWIFT_VERSION = 5.0;
				TARGETED_DEVICE_FAMILY = "1,2";
				TEST_HOST = "$(BUILT_PRODUCTS_DIR)/SkyLight.app/$(BUNDLE_EXECUTABLE_FOLDER_PATH)/SkyLight";
			};
			name = Release;
		};
/* End XCBuildConfiguration section */

/* Begin XCConfigurationList section */
		FC9DF9DB293B637F008E8D79 /* Build configuration list for PBXProject "SkyLight" */ = {
			isa = XCConfigurationList;
			buildConfigurations = (
				FC9DF9F2293B6380008E8D79 /* Debug */,
				FC9DF9F3293B6380008E8D79 /* Release */,
			);
			defaultConfigurationIsVisible = 0;
			defaultConfigurationName = Release;
		};
		FC9DF9F4293B6380008E8D79 /* Build configuration list for PBXNativeTarget "SkyLight" */ = {
			isa = XCConfigurationList;
			buildConfigurations = (
				FC9DF9F5293B6380008E8D79 /* Debug */,
				FC9DF9F6293B6380008E8D79 /* Release */,
			);
			defaultConfigurationIsVisible = 0;
			defaultConfigurationName = Release;
		};
		FCEBCDDC29572E6B002BB8EF /* Build configuration list for PBXNativeTarget "SkyLightTests" */ = {
			isa = XCConfigurationList;
			buildConfigurations = (
				FCEBCDDD29572E6B002BB8EF /* Debug */,
				FCEBCDDE29572E6B002BB8EF /* Release */,
			);
			defaultConfigurationIsVisible = 0;
			defaultConfigurationName = Release;
		};
/* End XCConfigurationList section */

/* Begin XCRemoteSwiftPackageReference section */
		FC829E5C297FCE5F000B441C /* XCRemoteSwiftPackageReference "SIFTMetal" */ = {
			isa = XCRemoteSwiftPackageReference;
			repositoryURL = "https://github.com/lukevanin/SIFTMetal.git";
			requirement = {
				branch = main;
				kind = branch;
			};
		};
/* End XCRemoteSwiftPackageReference section */

/* Begin XCSwiftPackageProductDependency section */
		FC829E5D297FCE5F000B441C /* SIFTMetal */ = {
			isa = XCSwiftPackageProductDependency;
			package = FC829E5C297FCE5F000B441C /* XCRemoteSwiftPackageReference "SIFTMetal" */;
			productName = SIFTMetal;
		};
/* End XCSwiftPackageProductDependency section */
	};
	rootObject = FC9DF9D8293B637F008E8D79 /* Project object */;
}
